// !$*UTF8*$!
{
	archiveVersion = 1;
	classes = {
	};
	objectVersion = 48;
	objects = {

/* Begin PBXBuildFile section */
		2F1A14F72069CF5A00A8AFD2 /* AppDelegate.swift in Sources */ = {isa = PBXBuildFile; fileRef = 2F1A14F62069CF5A00A8AFD2 /* AppDelegate.swift */; };
		2F1A14F92069CF5A00A8AFD2 /* ViewController.swift in Sources */ = {isa = PBXBuildFile; fileRef = 2F1A14F82069CF5A00A8AFD2 /* ViewController.swift */; };
		2F1A14FC2069CF5A00A8AFD2 /* Main.storyboard in Resources */ = {isa = PBXBuildFile; fileRef = 2F1A14FA2069CF5A00A8AFD2 /* Main.storyboard */; };
		2F1A14FF2069CF5A00A8AFD2 /* search.xcdatamodeld in Sources */ = {isa = PBXBuildFile; fileRef = 2F1A14FD2069CF5A00A8AFD2 /* search.xcdatamodeld */; };
		2F1A15012069CF5A00A8AFD2 /* Assets.xcassets in Resources */ = {isa = PBXBuildFile; fileRef = 2F1A15002069CF5A00A8AFD2 /* Assets.xcassets */; };
		2F1A15042069CF5A00A8AFD2 /* LaunchScreen.storyboard in Resources */ = {isa = PBXBuildFile; fileRef = 2F1A15022069CF5A00A8AFD2 /* LaunchScreen.storyboard */; };
/* End PBXBuildFile section */

/* Begin PBXFileReference section */
		2F1A14F32069CF5A00A8AFD2 /* search.app */ = {isa = PBXFileReference; explicitFileType = wrapper.application; includeInIndex = 0; path = search.app; sourceTree = BUILT_PRODUCTS_DIR; };
		2F1A14F62069CF5A00A8AFD2 /* AppDelegate.swift */ = {isa = PBXFileReference; lastKnownFileType = sourcecode.swift; path = AppDelegate.swift; sourceTree = "<group>"; };
		2F1A14F82069CF5A00A8AFD2 /* ViewController.swift */ = {isa = PBXFileReference; lastKnownFileType = sourcecode.swift; path = ViewController.swift; sourceTree = "<group>"; };
		2F1A14FB2069CF5A00A8AFD2 /* Base */ = {isa = PBXFileReference; lastKnownFileType = file.storyboard; name = Base; path = Base.lproj/Main.storyboard; sourceTree = "<group>"; };
		2F1A14FE2069CF5A00A8AFD2 /* search.xcdatamodel */ = {isa = PBXFileReference; lastKnownFileType = wrapper.xcdatamodel; path = search.xcdatamodel; sourceTree = "<group>"; };
		2F1A15002069CF5A00A8AFD2 /* Assets.xcassets */ = {isa = PBXFileReference; lastKnownFileType = folder.assetcatalog; path = Assets.xcassets; sourceTree = "<group>"; };
		2F1A15032069CF5A00A8AFD2 /* Base */ = {isa = PBXFileReference; lastKnownFileType = file.storyboard; name = Base; path = Base.lproj/LaunchScreen.storyboard; sourceTree = "<group>"; };
		2F1A15052069CF5A00A8AFD2 /* Info.plist */ = {isa = PBXFileReference; lastKnownFileType = text.plist.xml; path = Info.plist; sourceTree = "<group>"; };
/* End PBXFileReference section */

/* Begin PBXFrameworksBuildPhase section */
		2F1A14F02069CF5A00A8AFD2 /* Frameworks */ = {
			isa = PBXFrameworksBuildPhase;
			buildActionMask = 2147483647;
			files = (
			);
			runOnlyForDeploymentPostprocessing = 0;
		};
/* End PBXFrameworksBuildPhase section */

/* Begin PBXGroup section */
		2F1A14EA2069CF5A00A8AFD2 = {
			isa = PBXGroup;
			children = (
				2F1A14F52069CF5A00A8AFD2 /* search */,
				2F1A14F42069CF5A00A8AFD2 /* Products */,
			);
			sourceTree = "<group>";
		};
		2F1A14F42069CF5A00A8AFD2 /* Products */ = {
			isa = PBXGroup;
			children = (
				2F1A14F32069CF5A00A8AFD2 /* search.app */,
			);
			name = Products;
			sourceTree = "<group>";
		};
		2F1A14F52069CF5A00A8AFD2 /* search */ = {
			isa = PBXGroup;
			children = (
				2F1A14F62069CF5A00A8AFD2 /* AppDelegate.swift */,
				2F1A14F82069CF5A00A8AFD2 /* ViewController.swift */,
				2F1A14FA2069CF5A00A8AFD2 /* Main.storyboard */,
				2F1A15002069CF5A00A8AFD2 /* Assets.xcassets */,
				2F1A15022069CF5A00A8AFD2 /* LaunchScreen.storyboard */,
				2F1A15052069CF5A00A8AFD2 /* Info.plist */,
				2F1A14FD2069CF5A00A8AFD2 /* search.xcdatamodeld */,
			);
			path = search;
			sourceTree = "<group>";
		};
/* End PBXGroup section */

/* Begin PBXNativeTarget section */
		2F1A14F22069CF5A00A8AFD2 /* search */ = {
			isa = PBXNativeTarget;
			buildConfigurationList = 2F1A15082069CF5A00A8AFD2 /* Build configuration list for PBXNativeTarget "search" */;
			buildPhases = (
				2F1A14EF2069CF5A00A8AFD2 /* Sources */,
				2F1A14F02069CF5A00A8AFD2 /* Frameworks */,
				2F1A14F12069CF5A00A8AFD2 /* Resources */,
			);
			buildRules = (
			);
			dependencies = (
			);
			name = search;
			productName = search;
			productReference = 2F1A14F32069CF5A00A8AFD2 /* search.app */;
			productType = "com.apple.product-type.application";
		};
/* End PBXNativeTarget section */

/* Begin PBXProject section */
		2F1A14EB2069CF5A00A8AFD2 /* Project object */ = {
			isa = PBXProject;
			attributes = {
				LastSwiftUpdateCheck = 0920;
				LastUpgradeCheck = 0920;
				ORGANIZATIONNAME = "Robert Gormley";
				TargetAttributes = {
					2F1A14F22069CF5A00A8AFD2 = {
						CreatedOnToolsVersion = 9.2;
						ProvisioningStyle = Automatic;
					};
				};
			};
			buildConfigurationList = 2F1A14EE2069CF5A00A8AFD2 /* Build configuration list for PBXProject "search" */;
			compatibilityVersion = "Xcode 8.0";
			developmentRegion = en;
			hasScannedForEncodings = 0;
			knownRegions = (
				en,
				Base,
			);
			mainGroup = 2F1A14EA2069CF5A00A8AFD2;
			productRefGroup = 2F1A14F42069CF5A00A8AFD2 /* Products */;
			projectDirPath = "";
			projectRoot = "";
			targets = (
				2F1A14F22069CF5A00A8AFD2 /* search */,
			);
		};
/* End PBXProject section */

/* Begin PBXResourcesBuildPhase section */
		2F1A14F12069CF5A00A8AFD2 /* Resources */ = {
			isa = PBXResourcesBuildPhase;
			buildActionMask = 2147483647;
			files = (
				2F1A15042069CF5A00A8AFD2 /* LaunchScreen.storyboard in Resources */,
				2F1A15012069CF5A00A8AFD2 /* Assets.xcassets in Resources */,
				2F1A14FC2069CF5A00A8AFD2 /* Main.storyboard in Resources */,
			);
			runOnlyForDeploymentPostprocessing = 0;
		};
/* End PBXResourcesBuildPhase section */

/* Begin PBXSourcesBuildPhase section */
		2F1A14EF2069CF5A00A8AFD2 /* Sources */ = {
			isa = PBXSourcesBuildPhase;
			buildActionMask = 2147483647;
			files = (
				2F1A14F92069CF5A00A8AFD2 /* ViewController.swift in Sources */,
				2F1A14FF2069CF5A00A8AFD2 /* search.xcdatamodeld in Sources */,
				2F1A14F72069CF5A00A8AFD2 /* AppDelegate.swift in Sources */,
			);
			runOnlyForDeploymentPostprocessing = 0;
		};
/* End PBXSourcesBuildPhase section */

/* Begin PBXVariantGroup section */
		2F1A14FA2069CF5A00A8AFD2 /* Main.storyboard */ = {
			isa = PBXVariantGroup;
			children = (
				2F1A14FB2069CF5A00A8AFD2 /* Base */,
			);
			name = Main.storyboard;
			sourceTree = "<group>";
		};
		2F1A15022069CF5A00A8AFD2 /* LaunchScreen.storyboard */ = {
			isa = PBXVariantGroup;
			children = (
				2F1A15032069CF5A00A8AFD2 /* Base */,
			);
			name = LaunchScreen.storyboard;
			sourceTree = "<group>";
		};
/* End PBXVariantGroup section */

/* Begin XCBuildConfiguration section */
		2F1A15062069CF5A00A8AFD2 /* Debug */ = {
			isa = XCBuildConfiguration;
			buildSettings = {
				ALWAYS_SEARCH_USER_PATHS = NO;
				CLANG_ANALYZER_NONNULL = YES;
				CLANG_ANALYZER_NUMBER_OBJECT_CONVERSION = YES_AGGRESSIVE;
				CLANG_CXX_LANGUAGE_STANDARD = "gnu++14";
				CLANG_CXX_LIBRARY = "libc++";
				CLANG_ENABLE_MODULES = YES;
				CLANG_ENABLE_OBJC_ARC = YES;
				CLANG_WARN_BLOCK_CAPTURE_AUTORELEASING = YES;
				CLANG_WARN_BOOL_CONVERSION = YES;
				CLANG_WARN_COMMA = YES;
				CLANG_WARN_CONSTANT_CONVERSION = YES;
				CLANG_WARN_DIRECT_OBJC_ISA_USAGE = YES_ERROR;
				CLANG_WARN_DOCUMENTATION_COMMENTS = YES;
				CLANG_WARN_EMPTY_BODY = YES;
				CLANG_WARN_ENUM_CONVERSION = YES;
				CLANG_WARN_INFINITE_RECURSION = YES;
				CLANG_WARN_INT_CONVERSION = YES;
				CLANG_WARN_NON_LITERAL_NULL_CONVERSION = YES;
				CLANG_WARN_OBJC_LITERAL_CONVERSION = YES;
				CLANG_WARN_OBJC_ROOT_CLASS = YES_ERROR;
				CLANG_WARN_RANGE_LOOP_ANALYSIS = YES;
				CLANG_WARN_STRICT_PROTOTYPES = YES;
				CLANG_WARN_SUSPICIOUS_MOVE = YES;
				CLANG_WARN_UNGUARDED_AVAILABILITY = YES_AGGRESSIVE;
				CLANG_WARN_UNREACHABLE_CODE = YES;
				CLANG_WARN__DUPLICATE_METHOD_MATCH = YES;
				CODE_SIGN_IDENTITY = "iPhone Developer";
				COPY_PHASE_STRIP = NO;
				DEBUG_INFORMATION_FORMAT = dwarf;
				ENABLE_STRICT_OBJC_MSGSEND = YES;
				ENABLE_TESTABILITY = YES;
				GCC_C_LANGUAGE_STANDARD = gnu11;
				GCC_DYNAMIC_NO_PIC = NO;
				GCC_NO_COMMON_BLOCKS = YES;
				GCC_OPTIMIZATION_LEVEL = 0;
				GCC_PREPROCESSOR_DEFINITIONS = (
					"DEBUG=1",
					"$(inherited)",
				);
				GCC_WARN_64_TO_32_BIT_CONVERSION = YES;
				GCC_WARN_ABOUT_RETURN_TYPE = YES_ERROR;
				GCC_WARN_UNDECLARED_SELECTOR = YES;
				GCC_WARN_UNINITIALIZED_AUTOS = YES_AGGRESSIVE;
				GCC_WARN_UNUSED_FUNCTION = YES;
				GCC_WARN_UNUSED_VARIABLE = YES;
				IPHONEOS_DEPLOYMENT_TARGET = 11.2;
				MTL_ENABLE_DEBUG_INFO = YES;
				ONLY_ACTIVE_ARCH = YES;
				SDKROOT = iphoneos;
				SWIFT_ACTIVE_COMPILATION_CONDITIONS = DEBUG;
				SWIFT_OPTIMIZATION_LEVEL = "-Onone";
			};
			name = Debug;
		};
		2F1A15072069CF5A00A8AFD2 /* Release */ = {
			isa = XCBuildConfiguration;
			buildSettings = {
				ALWAYS_SEARCH_USER_PATHS = NO;
				CLANG_ANALYZER_NONNULL = YES;
				CLANG_ANALYZER_NUMBER_OBJECT_CONVERSION = YES_AGGRESSIVE;
				CLANG_CXX_LANGUAGE_STANDARD = "gnu++14";
				CLANG_CXX_LIBRARY = "libc++";
				CLANG_ENABLE_MODULES = YES;
				CLANG_ENABLE_OBJC_ARC = YES;
				CLANG_WARN_BLOCK_CAPTURE_AUTORELEASING = YES;
				CLANG_WARN_BOOL_CONVERSION = YES;
				CLANG_WARN_COMMA = YES;
				CLANG_WARN_CONSTANT_CONVERSION = YES;
				CLANG_WARN_DIRECT_OBJC_ISA_USAGE = YES_ERROR;
				CLANG_WARN_DOCUMENTATION_COMMENTS = YES;
				CLANG_WARN_EMPTY_BODY = YES;
				CLANG_WARN_ENUM_CONVERSION = YES;
				CLANG_WARN_INFINITE_RECURSION = YES;
				CLANG_WARN_INT_CONVERSION = YES;
				CLANG_WARN_NON_LITERAL_NULL_CONVERSION = YES;
				CLANG_WARN_OBJC_LITERAL_CONVERSION = YES;
				CLANG_WARN_OBJC_ROOT_CLASS = YES_ERROR;
				CLANG_WARN_RANGE_LOOP_ANALYSIS = YES;
				CLANG_WARN_STRICT_PROTOTYPES = YES;
				CLANG_WARN_SUSPICIOUS_MOVE = YES;
				CLANG_WARN_UNGUARDED_AVAILABILITY = YES_AGGRESSIVE;
				CLANG_WARN_UNREACHABLE_CODE = YES;
				CLANG_WARN__DUPLICATE_METHOD_MATCH = YES;
				CODE_SIGN_IDENTITY = "iPhone Developer";
				COPY_PHASE_STRIP = NO;
				DEBUG_INFORMATION_FORMAT = "dwarf-with-dsym";
				ENABLE_NS_ASSERTIONS = NO;
				ENABLE_STRICT_OBJC_MSGSEND = YES;
				GCC_C_LANGUAGE_STANDARD = gnu11;
				GCC_NO_COMMON_BLOCKS = YES;
				GCC_WARN_64_TO_32_BIT_CONVERSION = YES;
				GCC_WARN_ABOUT_RETURN_TYPE = YES_ERROR;
				GCC_WARN_UNDECLARED_SELECTOR = YES;
				GCC_WARN_UNINITIALIZED_AUTOS = YES_AGGRESSIVE;
				GCC_WARN_UNUSED_FUNCTION = YES;
				GCC_WARN_UNUSED_VARIABLE = YES;
				IPHONEOS_DEPLOYMENT_TARGET = 11.2;
				MTL_ENABLE_DEBUG_INFO = NO;
				SDKROOT = iphoneos;
				SWIFT_OPTIMIZATION_LEVEL = "-Owholemodule";
				VALIDATE_PRODUCT = YES;
			};
			name = Release;
		};
		2F1A15092069CF5A00A8AFD2 /* Debug */ = {
			isa = XCBuildConfiguration;
			buildSettings = {
				ASSETCATALOG_COMPILER_APPICON_NAME = AppIcon;
				CODE_SIGN_STYLE = Automatic;
				INFOPLIST_FILE = search/Info.plist;
				LD_RUNPATH_SEARCH_PATHS = "$(inherited) @executable_path/Frameworks";
				PRODUCT_BUNDLE_IDENTIFIER = new1.search;
				PRODUCT_NAME = "$(TARGET_NAME)";
				SWIFT_VERSION = 4.0;
				TARGETED_DEVICE_FAMILY = "1,2";
			};
			name = Debug;
		};
		2F1A150A2069CF5A00A8AFD2 /* Release */ = {
			isa = XCBuildConfiguration;
			buildSettings = {
				ASSETCATALOG_COMPILER_APPICON_NAME = AppIcon;
				CODE_SIGN_STYLE = Automatic;
				INFOPLIST_FILE = search/Info.plist;
				LD_RUNPATH_SEARCH_PATHS = "$(inherited) @executable_path/Frameworks";
				PRODUCT_BUNDLE_IDENTIFIER = new1.search;
				PRODUCT_NAME = "$(TARGET_NAME)";
				SWIFT_VERSION = 4.0;
				TARGETED_DEVICE_FAMILY = "1,2";
			};
			name = Release;
		};
/* End XCBuildConfiguration section */

/* Begin XCConfigurationList section */
		2F1A14EE2069CF5A00A8AFD2 /* Build configuration list for PBXProject "search" */ = {
			isa = XCConfigurationList;
			buildConfigurations = (
				2F1A15062069CF5A00A8AFD2 /* Debug */,
				2F1A15072069CF5A00A8AFD2 /* Release */,
			);
			defaultConfigurationIsVisible = 0;
			defaultConfigurationName = Release;
		};
		2F1A15082069CF5A00A8AFD2 /* Build configuration list for PBXNativeTarget "search" */ = {
			isa = XCConfigurationList;
			buildConfigurations = (
				2F1A15092069CF5A00A8AFD2 /* Debug */,
				2F1A150A2069CF5A00A8AFD2 /* Release */,
			);
			defaultConfigurationIsVisible = 0;
			defaultConfigurationName = Release;
		};
/* End XCConfigurationList section */

/* Begin XCVersionGroup section */
		2F1A14FD2069CF5A00A8AFD2 /* search.xcdatamodeld */ = {
			isa = XCVersionGroup;
			children = (
				2F1A14FE2069CF5A00A8AFD2 /* search.xcdatamodel */,
			);
			currentVersion = 2F1A14FE2069CF5A00A8AFD2 /* search.xcdatamodel */;
			path = search.xcdatamodeld;
			sourceTree = "<group>";
			versionGroupType = wrapper.xcdatamodel;
		};
/* End XCVersionGroup section */
	};
	rootObject = 2F1A14EB2069CF5A00A8AFD2 /* Project object */;
}
