// !$*UTF8*$!
{
	archiveVersion = 1;
	classes = {
	};
	objectVersion = 48;
	objects = {

/* Begin PBXBuildFile section */
		2FAE3F8F205737E90076B75F /* AppDelegate.swift in Sources */ = {isa = PBXBuildFile; fileRef = 2FAE3F8E205737E90076B75F /* AppDelegate.swift */; };
		2FAE3F91205737E90076B75F /* ViewController.swift in Sources */ = {isa = PBXBuildFile; fileRef = 2FAE3F90205737E90076B75F /* ViewController.swift */; };
		2FAE3F94205737E90076B75F /* Main.storyboard in Resources */ = {isa = PBXBuildFile; fileRef = 2FAE3F92205737E90076B75F /* Main.storyboard */; };
		2FAE3F96205737E90076B75F /* Assets.xcassets in Resources */ = {isa = PBXBuildFile; fileRef = 2FAE3F95205737E90076B75F /* Assets.xcassets */; };
		2FAE3F99205737E90076B75F /* LaunchScreen.storyboard in Resources */ = {isa = PBXBuildFile; fileRef = 2FAE3F97205737E90076B75F /* LaunchScreen.storyboard */; };
		2FAE3FA120573D640076B75F /* Other View Controller.swift in Sources */ = {isa = PBXBuildFile; fileRef = 2FAE3FA020573D640076B75F /* Other View Controller.swift */; };
/* End PBXBuildFile section */

/* Begin PBXFileReference section */
		2FAE3F8B205737E80076B75F /* InterWalkThrough.app */ = {isa = PBXFileReference; explicitFileType = wrapper.application; includeInIndex = 0; path = InterWalkThrough.app; sourceTree = BUILT_PRODUCTS_DIR; };
		2FAE3F8E205737E90076B75F /* AppDelegate.swift */ = {isa = PBXFileReference; lastKnownFileType = sourcecode.swift; path = AppDelegate.swift; sourceTree = "<group>"; };
		2FAE3F90205737E90076B75F /* ViewController.swift */ = {isa = PBXFileReference; lastKnownFileType = sourcecode.swift; path = ViewController.swift; sourceTree = "<group>"; };
		2FAE3F93205737E90076B75F /* Base */ = {isa = PBXFileReference; lastKnownFileType = file.storyboard; name = Base; path = Base.lproj/Main.storyboard; sourceTree = "<group>"; };
		2FAE3F95205737E90076B75F /* Assets.xcassets */ = {isa = PBXFileReference; lastKnownFileType = folder.assetcatalog; path = Assets.xcassets; sourceTree = "<group>"; };
		2FAE3F98205737E90076B75F /* Base */ = {isa = PBXFileReference; lastKnownFileType = file.storyboard; name = Base; path = Base.lproj/LaunchScreen.storyboard; sourceTree = "<group>"; };
		2FAE3F9A205737E90076B75F /* Info.plist */ = {isa = PBXFileReference; lastKnownFileType = text.plist.xml; path = Info.plist; sourceTree = "<group>"; };
		2FAE3FA020573D640076B75F /* Other View Controller.swift */ = {isa = PBXFileReference; lastKnownFileType = sourcecode.swift; path = "Other View Controller.swift"; sourceTree = "<group>"; };
/* End PBXFileReference section */

/* Begin PBXFrameworksBuildPhase section */
		2FAE3F88205737E80076B75F /* Frameworks */ = {
			isa = PBXFrameworksBuildPhase;
			buildActionMask = 2147483647;
			files = (
			);
			runOnlyForDeploymentPostprocessing = 0;
		};
/* End PBXFrameworksBuildPhase section */

/* Begin PBXGroup section */
		2FAE3F82205737E80076B75F = {
			isa = PBXGroup;
			children = (
				2FAE3F8D205737E80076B75F /* InterWalkThrough */,
				2FAE3F8C205737E80076B75F /* Products */,
			);
			sourceTree = "<group>";
		};
		2FAE3F8C205737E80076B75F /* Products */ = {
			isa = PBXGroup;
			children = (
				2FAE3F8B205737E80076B75F /* InterWalkThrough.app */,
			);
			name = Products;
			sourceTree = "<group>";
		};
		2FAE3F8D205737E80076B75F /* InterWalkThrough */ = {
			isa = PBXGroup;
			children = (
				2FAE3F8E205737E90076B75F /* AppDelegate.swift */,
				2FAE3F90205737E90076B75F /* ViewController.swift */,
				2FAE3F92205737E90076B75F /* Main.storyboard */,
				2FAE3FA020573D640076B75F /* Other View Controller.swift */,
				2FAE3F95205737E90076B75F /* Assets.xcassets */,
				2FAE3F97205737E90076B75F /* LaunchScreen.storyboard */,
				2FAE3F9A205737E90076B75F /* Info.plist */,
			);
			path = InterWalkThrough;
			sourceTree = "<group>";
		};
/* End PBXGroup section */

/* Begin PBXNativeTarget section */
		2FAE3F8A205737E80076B75F /* InterWalkThrough */ = {
			isa = PBXNativeTarget;
			buildConfigurationList = 2FAE3F9D205737E90076B75F /* Build configuration list for PBXNativeTarget "InterWalkThrough" */;
			buildPhases = (
				2FAE3F87205737E80076B75F /* Sources */,
				2FAE3F88205737E80076B75F /* Frameworks */,
				2FAE3F89205737E80076B75F /* Resources */,
			);
			buildRules = (
			);
			dependencies = (
			);
			name = InterWalkThrough;
			productName = InterWalkThrough;
			productReference = 2FAE3F8B205737E80076B75F /* InterWalkThrough.app */;
			productType = "com.apple.product-type.application";
		};
/* End PBXNativeTarget section */

/* Begin PBXProject section */
		2FAE3F83205737E80076B75F /* Project object */ = {
			isa = PBXProject;
			attributes = {
				LastSwiftUpdateCheck = 0920;
				LastUpgradeCheck = 0920;
				ORGANIZATIONNAME = "Robert Gormley";
				TargetAttributes = {
					2FAE3F8A205737E80076B75F = {
						CreatedOnToolsVersion = 9.2;
						ProvisioningStyle = Automatic;
					};
				};
			};
			buildConfigurationList = 2FAE3F86205737E80076B75F /* Build configuration list for PBXProject "InterWalkThrough" */;
			compatibilityVersion = "Xcode 8.0";
			developmentRegion = en;
			hasScannedForEncodings = 0;
			knownRegions = (
				en,
				Base,
			);
			mainGroup = 2FAE3F82205737E80076B75F;
			productRefGroup = 2FAE3F8C205737E80076B75F /* Products */;
			projectDirPath = "";
			projectRoot = "";
			targets = (
				2FAE3F8A205737E80076B75F /* InterWalkThrough */,
			);
		};
/* End PBXProject section */

/* Begin PBXResourcesBuildPhase section */
		2FAE3F89205737E80076B75F /* Resources */ = {
			isa = PBXResourcesBuildPhase;
			buildActionMask = 2147483647;
			files = (
				2FAE3F99205737E90076B75F /* LaunchScreen.storyboard in Resources */,
				2FAE3F96205737E90076B75F /* Assets.xcassets in Resources */,
				2FAE3F94205737E90076B75F /* Main.storyboard in Resources */,
			);
			runOnlyForDeploymentPostprocessing = 0;
		};
/* End PBXResourcesBuildPhase section */

/* Begin PBXSourcesBuildPhase section */
		2FAE3F87205737E80076B75F /* Sources */ = {
			isa = PBXSourcesBuildPhase;
			buildActionMask = 2147483647;
			files = (
				2FAE3F91205737E90076B75F /* ViewController.swift in Sources */,
				2FAE3FA120573D640076B75F /* Other View Controller.swift in Sources */,
				2FAE3F8F205737E90076B75F /* AppDelegate.swift in Sources */,
			);
			runOnlyForDeploymentPostprocessing = 0;
		};
/* End PBXSourcesBuildPhase section */

/* Begin PBXVariantGroup section */
		2FAE3F92205737E90076B75F /* Main.storyboard */ = {
			isa = PBXVariantGroup;
			children = (
				2FAE3F93205737E90076B75F /* Base */,
			);
			name = Main.storyboard;
			sourceTree = "<group>";
		};
		2FAE3F97205737E90076B75F /* LaunchScreen.storyboard */ = {
			isa = PBXVariantGroup;
			children = (
				2FAE3F98205737E90076B75F /* Base */,
			);
			name = LaunchScreen.storyboard;
			sourceTree = "<group>";
		};
/* End PBXVariantGroup section */

/* Begin XCBuildConfiguration section */
		2FAE3F9B205737E90076B75F /* Debug */ = {
			isa = XCBuildConfiguration;
			buildSettings = {
				ALWAYS_SEARCH_USER_PATHS = NO;
				CLANG_ANALYZER_NONNULL = YES;
				CLANG_ANALYZER_NUMBER_OBJECT_CONVERSION = YES_AGGRESSIVE;
				CLANG_CXX_LANGUAGE_STANDARD = "gnu++14";
				CLANG_CXX_LIBRARY = "libc++";
				CLANG_ENABLE_MODULES = YES;
				CLANG_ENABLE_OBJC_ARC = YES;
				CLANG_WARN_BLOCK_CAPTURE_AUTORELEASING = YES;
				CLANG_WARN_BOOL_CONVERSION = YES;
				CLANG_WARN_COMMA = YES;
				CLANG_WARN_CONSTANT_CONVERSION = YES;
				CLANG_WARN_DIRECT_OBJC_ISA_USAGE = YES_ERROR;
				CLANG_WARN_DOCUMENTATION_COMMENTS = YES;
				CLANG_WARN_EMPTY_BODY = YES;
				CLANG_WARN_ENUM_CONVERSION = YES;
				CLANG_WARN_INFINITE_RECURSION = YES;
				CLANG_WARN_INT_CONVERSION = YES;
				CLANG_WARN_NON_LITERAL_NULL_CONVERSION = YES;
				CLANG_WARN_OBJC_LITERAL_CONVERSION = YES;
				CLANG_WARN_OBJC_ROOT_CLASS = YES_ERROR;
				CLANG_WARN_RANGE_LOOP_ANALYSIS = YES;
				CLANG_WARN_STRICT_PROTOTYPES = YES;
				CLANG_WARN_SUSPICIOUS_MOVE = YES;
				CLANG_WARN_UNGUARDED_AVAILABILITY = YES_AGGRESSIVE;
				CLANG_WARN_UNREACHABLE_CODE = YES;
				CLANG_WARN__DUPLICATE_METHOD_MATCH = YES;
				CODE_SIGN_IDENTITY = "iPhone Developer";
				COPY_PHASE_STRIP = NO;
				DEBUG_INFORMATION_FORMAT = dwarf;
				ENABLE_STRICT_OBJC_MSGSEND = YES;
				ENABLE_TESTABILITY = YES;
				GCC_C_LANGUAGE_STANDARD = gnu11;
				GCC_DYNAMIC_NO_PIC = NO;
				GCC_NO_COMMON_BLOCKS = YES;
				GCC_OPTIMIZATION_LEVEL = 0;
				GCC_PREPROCESSOR_DEFINITIONS = (
					"DEBUG=1",
					"$(inherited)",
				);
				GCC_WARN_64_TO_32_BIT_CONVERSION = YES;
				GCC_WARN_ABOUT_RETURN_TYPE = YES_ERROR;
				GCC_WARN_UNDECLARED_SELECTOR = YES;
				GCC_WARN_UNINITIALIZED_AUTOS = YES_AGGRESSIVE;
				GCC_WARN_UNUSED_FUNCTION = YES;
				GCC_WARN_UNUSED_VARIABLE = YES;
				IPHONEOS_DEPLOYMENT_TARGET = 11.2;
				MTL_ENABLE_DEBUG_INFO = YES;
				ONLY_ACTIVE_ARCH = YES;
				SDKROOT = iphoneos;
				SWIFT_ACTIVE_COMPILATION_CONDITIONS = DEBUG;
				SWIFT_OPTIMIZATION_LEVEL = "-Onone";
			};
			name = Debug;
		};
		2FAE3F9C205737E90076B75F /* Release */ = {
			isa = XCBuildConfiguration;
			buildSettings = {
				ALWAYS_SEARCH_USER_PATHS = NO;
				CLANG_ANALYZER_NONNULL = YES;
				CLANG_ANALYZER_NUMBER_OBJECT_CONVERSION = YES_AGGRESSIVE;
				CLANG_CXX_LANGUAGE_STANDARD = "gnu++14";
				CLANG_CXX_LIBRARY = "libc++";
				CLANG_ENABLE_MODULES = YES;
				CLANG_ENABLE_OBJC_ARC = YES;
				CLANG_WARN_BLOCK_CAPTURE_AUTORELEASING = YES;
				CLANG_WARN_BOOL_CONVERSION = YES;
				CLANG_WARN_COMMA = YES;
				CLANG_WARN_CONSTANT_CONVERSION = YES;
				CLANG_WARN_DIRECT_OBJC_ISA_USAGE = YES_ERROR;
				CLANG_WARN_DOCUMENTATION_COMMENTS = YES;
				CLANG_WARN_EMPTY_BODY = YES;
				CLANG_WARN_ENUM_CONVERSION = YES;
				CLANG_WARN_INFINITE_RECURSION = YES;
				CLANG_WARN_INT_CONVERSION = YES;
				CLANG_WARN_NON_LITERAL_NULL_CONVERSION = YES;
				CLANG_WARN_OBJC_LITERAL_CONVERSION = YES;
				CLANG_WARN_OBJC_ROOT_CLASS = YES_ERROR;
				CLANG_WARN_RANGE_LOOP_ANALYSIS = YES;
				CLANG_WARN_STRICT_PROTOTYPES = YES;
				CLANG_WARN_SUSPICIOUS_MOVE = YES;
				CLANG_WARN_UNGUARDED_AVAILABILITY = YES_AGGRESSIVE;
				CLANG_WARN_UNREACHABLE_CODE = YES;
				CLANG_WARN__DUPLICATE_METHOD_MATCH = YES;
				CODE_SIGN_IDENTITY = "iPhone Developer";
				COPY_PHASE_STRIP = NO;
				DEBUG_INFORMATION_FORMAT = "dwarf-with-dsym";
				ENABLE_NS_ASSERTIONS = NO;
				ENABLE_STRICT_OBJC_MSGSEND = YES;
				GCC_C_LANGUAGE_STANDARD = gnu11;
				GCC_NO_COMMON_BLOCKS = YES;
				GCC_WARN_64_TO_32_BIT_CONVERSION = YES;
				GCC_WARN_ABOUT_RETURN_TYPE = YES_ERROR;
				GCC_WARN_UNDECLARED_SELECTOR = YES;
				GCC_WARN_UNINITIALIZED_AUTOS = YES_AGGRESSIVE;
				GCC_WARN_UNUSED_FUNCTION = YES;
				GCC_WARN_UNUSED_VARIABLE = YES;
				IPHONEOS_DEPLOYMENT_TARGET = 11.2;
				MTL_ENABLE_DEBUG_INFO = NO;
				SDKROOT = iphoneos;
				SWIFT_OPTIMIZATION_LEVEL = "-Owholemodule";
				VALIDATE_PRODUCT = YES;
			};
			name = Release;
		};
		2FAE3F9E205737E90076B75F /* Debug */ = {
			isa = XCBuildConfiguration;
			buildSettings = {
				ASSETCATALOG_COMPILER_APPICON_NAME = AppIcon;
				CODE_SIGN_STYLE = Automatic;
				INFOPLIST_FILE = InterWalkThrough/Info.plist;
				LD_RUNPATH_SEARCH_PATHS = "$(inherited) @executable_path/Frameworks";
				PRODUCT_BUNDLE_IDENTIFIER = new1.InterWalkThrough;
				PRODUCT_NAME = "$(TARGET_NAME)";
				SWIFT_VERSION = 4.0;
				TARGETED_DEVICE_FAMILY = "1,2";
			};
			name = Debug;
		};
		2FAE3F9F205737E90076B75F /* Release */ = {
			isa = XCBuildConfiguration;
			buildSettings = {
				ASSETCATALOG_COMPILER_APPICON_NAME = AppIcon;
				CODE_SIGN_STYLE = Automatic;
				INFOPLIST_FILE = InterWalkThrough/Info.plist;
				LD_RUNPATH_SEARCH_PATHS = "$(inherited) @executable_path/Frameworks";
				PRODUCT_BUNDLE_IDENTIFIER = new1.InterWalkThrough;
				PRODUCT_NAME = "$(TARGET_NAME)";
				SWIFT_VERSION = 4.0;
				TARGETED_DEVICE_FAMILY = "1,2";
			};
			name = Release;
		};
/* End XCBuildConfiguration section */

/* Begin XCConfigurationList section */
		2FAE3F86205737E80076B75F /* Build configuration list for PBXProject "InterWalkThrough" */ = {
			isa = XCConfigurationList;
			buildConfigurations = (
				2FAE3F9B205737E90076B75F /* Debug */,
				2FAE3F9C205737E90076B75F /* Release */,
			);
			defaultConfigurationIsVisible = 0;
			defaultConfigurationName = Release;
		};
		2FAE3F9D205737E90076B75F /* Build configuration list for PBXNativeTarget "InterWalkThrough" */ = {
			isa = XCConfigurationList;
			buildConfigurations = (
				2FAE3F9E205737E90076B75F /* Debug */,
				2FAE3F9F205737E90076B75F /* Release */,
			);
			defaultConfigurationIsVisible = 0;
			defaultConfigurationName = Release;
		};
/* End XCConfigurationList section */
	};
	rootObject = 2FAE3F83205737E80076B75F /* Project object */;
}
