// !$*UTF8*$!
{
	archiveVersion = 1;
	classes = {
	};
	objectVersion = 48;
	objects = {

/* Begin PBXBuildFile section */
		2F3483D8205A055A00DDDE0F /* AppDelegate.swift in Sources */ = {isa = PBXBuildFile; fileRef = 2F3483D7205A055A00DDDE0F /* AppDelegate.swift */; };
		2F3483DA205A055A00DDDE0F /* CustomCellsViewController.swift in Sources */ = {isa = PBXBuildFile; fileRef = 2F3483D9205A055A00DDDE0F /* CustomCellsViewController.swift */; };
		2F3483DD205A055A00DDDE0F /* Main.storyboard in Resources */ = {isa = PBXBuildFile; fileRef = 2F3483DB205A055A00DDDE0F /* Main.storyboard */; };
		2F3483DF205A055A00DDDE0F /* Assets.xcassets in Resources */ = {isa = PBXBuildFile; fileRef = 2F3483DE205A055A00DDDE0F /* Assets.xcassets */; };
		2F3483E2205A055A00DDDE0F /* LaunchScreen.storyboard in Resources */ = {isa = PBXBuildFile; fileRef = 2F3483E0205A055A00DDDE0F /* LaunchScreen.storyboard */; };
		2F3483EA205A07A800DDDE0F /* CustomCell.swift in Sources */ = {isa = PBXBuildFile; fileRef = 2F3483E9205A07A800DDDE0F /* CustomCell.swift */; };
/* End PBXBuildFile section */

/* Begin PBXFileReference section */
		2F3483D4205A055A00DDDE0F /* CustomCell1.app */ = {isa = PBXFileReference; explicitFileType = wrapper.application; includeInIndex = 0; path = CustomCell1.app; sourceTree = BUILT_PRODUCTS_DIR; };
		2F3483D7205A055A00DDDE0F /* AppDelegate.swift */ = {isa = PBXFileReference; lastKnownFileType = sourcecode.swift; path = AppDelegate.swift; sourceTree = "<group>"; };
		2F3483D9205A055A00DDDE0F /* CustomCellsViewController.swift */ = {isa = PBXFileReference; lastKnownFileType = sourcecode.swift; path = CustomCellsViewController.swift; sourceTree = "<group>"; };
		2F3483DC205A055A00DDDE0F /* Base */ = {isa = PBXFileReference; lastKnownFileType = file.storyboard; name = Base; path = Base.lproj/Main.storyboard; sourceTree = "<group>"; };
		2F3483DE205A055A00DDDE0F /* Assets.xcassets */ = {isa = PBXFileReference; lastKnownFileType = folder.assetcatalog; path = Assets.xcassets; sourceTree = "<group>"; };
		2F3483E1205A055A00DDDE0F /* Base */ = {isa = PBXFileReference; lastKnownFileType = file.storyboard; name = Base; path = Base.lproj/LaunchScreen.storyboard; sourceTree = "<group>"; };
		2F3483E3205A055A00DDDE0F /* Info.plist */ = {isa = PBXFileReference; lastKnownFileType = text.plist.xml; path = Info.plist; sourceTree = "<group>"; };
		2F3483E9205A07A800DDDE0F /* CustomCell.swift */ = {isa = PBXFileReference; lastKnownFileType = sourcecode.swift; path = CustomCell.swift; sourceTree = "<group>"; };
/* End PBXFileReference section */

/* Begin PBXFrameworksBuildPhase section */
		2F3483D1205A055A00DDDE0F /* Frameworks */ = {
			isa = PBXFrameworksBuildPhase;
			buildActionMask = 2147483647;
			files = (
			);
			runOnlyForDeploymentPostprocessing = 0;
		};
/* End PBXFrameworksBuildPhase section */

/* Begin PBXGroup section */
		2F3483CB205A055900DDDE0F = {
			isa = PBXGroup;
			children = (
				2F3483D6205A055A00DDDE0F /* CustomCell1 */,
				2F3483D5205A055A00DDDE0F /* Products */,
			);
			sourceTree = "<group>";
		};
		2F3483D5205A055A00DDDE0F /* Products */ = {
			isa = PBXGroup;
			children = (
				2F3483D4205A055A00DDDE0F /* CustomCell1.app */,
			);
			name = Products;
			sourceTree = "<group>";
		};
		2F3483D6205A055A00DDDE0F /* CustomCell1 */ = {
			isa = PBXGroup;
			children = (
				2F3483D7205A055A00DDDE0F /* AppDelegate.swift */,
				2F3483D9205A055A00DDDE0F /* CustomCellsViewController.swift */,
				2F3483DB205A055A00DDDE0F /* Main.storyboard */,
				2F3483E9205A07A800DDDE0F /* CustomCell.swift */,
				2F3483DE205A055A00DDDE0F /* Assets.xcassets */,
				2F3483E0205A055A00DDDE0F /* LaunchScreen.storyboard */,
				2F3483E3205A055A00DDDE0F /* Info.plist */,
			);
			path = CustomCell1;
			sourceTree = "<group>";
		};
/* End PBXGroup section */

/* Begin PBXNativeTarget section */
		2F3483D3205A055A00DDDE0F /* CustomCell1 */ = {
			isa = PBXNativeTarget;
			buildConfigurationList = 2F3483E6205A055A00DDDE0F /* Build configuration list for PBXNativeTarget "CustomCell1" */;
			buildPhases = (
				2F3483D0205A055A00DDDE0F /* Sources */,
				2F3483D1205A055A00DDDE0F /* Frameworks */,
				2F3483D2205A055A00DDDE0F /* Resources */,
			);
			buildRules = (
			);
			dependencies = (
			);
			name = CustomCell1;
			productName = CustomCell1;
			productReference = 2F3483D4205A055A00DDDE0F /* CustomCell1.app */;
			productType = "com.apple.product-type.application";
		};
/* End PBXNativeTarget section */

/* Begin PBXProject section */
		2F3483CC205A055900DDDE0F /* Project object */ = {
			isa = PBXProject;
			attributes = {
				LastSwiftUpdateCheck = 0920;
				LastUpgradeCheck = 0920;
				ORGANIZATIONNAME = "Robert Gormley";
				TargetAttributes = {
					2F3483D3205A055A00DDDE0F = {
						CreatedOnToolsVersion = 9.2;
						ProvisioningStyle = Automatic;
					};
				};
			};
			buildConfigurationList = 2F3483CF205A055900DDDE0F /* Build configuration list for PBXProject "CustomCell1" */;
			compatibilityVersion = "Xcode 8.0";
			developmentRegion = en;
			hasScannedForEncodings = 0;
			knownRegions = (
				en,
				Base,
			);
			mainGroup = 2F3483CB205A055900DDDE0F;
			productRefGroup = 2F3483D5205A055A00DDDE0F /* Products */;
			projectDirPath = "";
			projectRoot = "";
			targets = (
				2F3483D3205A055A00DDDE0F /* CustomCell1 */,
			);
		};
/* End PBXProject section */

/* Begin PBXResourcesBuildPhase section */
		2F3483D2205A055A00DDDE0F /* Resources */ = {
			isa = PBXResourcesBuildPhase;
			buildActionMask = 2147483647;
			files = (
				2F3483E2205A055A00DDDE0F /* LaunchScreen.storyboard in Resources */,
				2F3483DF205A055A00DDDE0F /* Assets.xcassets in Resources */,
				2F3483DD205A055A00DDDE0F /* Main.storyboard in Resources */,
			);
			runOnlyForDeploymentPostprocessing = 0;
		};
/* End PBXResourcesBuildPhase section */

/* Begin PBXSourcesBuildPhase section */
		2F3483D0205A055A00DDDE0F /* Sources */ = {
			isa = PBXSourcesBuildPhase;
			buildActionMask = 2147483647;
			files = (
				2F3483DA205A055A00DDDE0F /* CustomCellsViewController.swift in Sources */,
				2F3483EA205A07A800DDDE0F /* CustomCell.swift in Sources */,
				2F3483D8205A055A00DDDE0F /* AppDelegate.swift in Sources */,
			);
			runOnlyForDeploymentPostprocessing = 0;
		};
/* End PBXSourcesBuildPhase section */

/* Begin PBXVariantGroup section */
		2F3483DB205A055A00DDDE0F /* Main.storyboard */ = {
			isa = PBXVariantGroup;
			children = (
				2F3483DC205A055A00DDDE0F /* Base */,
			);
			name = Main.storyboard;
			sourceTree = "<group>";
		};
		2F3483E0205A055A00DDDE0F /* LaunchScreen.storyboard */ = {
			isa = PBXVariantGroup;
			children = (
				2F3483E1205A055A00DDDE0F /* Base */,
			);
			name = LaunchScreen.storyboard;
			sourceTree = "<group>";
		};
/* End PBXVariantGroup section */

/* Begin XCBuildConfiguration section */
		2F3483E4205A055A00DDDE0F /* Debug */ = {
			isa = XCBuildConfiguration;
			buildSettings = {
				ALWAYS_SEARCH_USER_PATHS = NO;
				CLANG_ANALYZER_NONNULL = YES;
				CLANG_ANALYZER_NUMBER_OBJECT_CONVERSION = YES_AGGRESSIVE;
				CLANG_CXX_LANGUAGE_STANDARD = "gnu++14";
				CLANG_CXX_LIBRARY = "libc++";
				CLANG_ENABLE_MODULES = YES;
				CLANG_ENABLE_OBJC_ARC = YES;
				CLANG_WARN_BLOCK_CAPTURE_AUTORELEASING = YES;
				CLANG_WARN_BOOL_CONVERSION = YES;
				CLANG_WARN_COMMA = YES;
				CLANG_WARN_CONSTANT_CONVERSION = YES;
				CLANG_WARN_DIRECT_OBJC_ISA_USAGE = YES_ERROR;
				CLANG_WARN_DOCUMENTATION_COMMENTS = YES;
				CLANG_WARN_EMPTY_BODY = YES;
				CLANG_WARN_ENUM_CONVERSION = YES;
				CLANG_WARN_INFINITE_RECURSION = YES;
				CLANG_WARN_INT_CONVERSION = YES;
				CLANG_WARN_NON_LITERAL_NULL_CONVERSION = YES;
				CLANG_WARN_OBJC_LITERAL_CONVERSION = YES;
				CLANG_WARN_OBJC_ROOT_CLASS = YES_ERROR;
				CLANG_WARN_RANGE_LOOP_ANALYSIS = YES;
				CLANG_WARN_STRICT_PROTOTYPES = YES;
				CLANG_WARN_SUSPICIOUS_MOVE = YES;
				CLANG_WARN_UNGUARDED_AVAILABILITY = YES_AGGRESSIVE;
				CLANG_WARN_UNREACHABLE_CODE = YES;
				CLANG_WARN__DUPLICATE_METHOD_MATCH = YES;
				CODE_SIGN_IDENTITY = "iPhone Developer";
				COPY_PHASE_STRIP = NO;
				DEBUG_INFORMATION_FORMAT = dwarf;
				ENABLE_STRICT_OBJC_MSGSEND = YES;
				ENABLE_TESTABILITY = YES;
				GCC_C_LANGUAGE_STANDARD = gnu11;
				GCC_DYNAMIC_NO_PIC = NO;
				GCC_NO_COMMON_BLOCKS = YES;
				GCC_OPTIMIZATION_LEVEL = 0;
				GCC_PREPROCESSOR_DEFINITIONS = (
					"DEBUG=1",
					"$(inherited)",
				);
				GCC_WARN_64_TO_32_BIT_CONVERSION = YES;
				GCC_WARN_ABOUT_RETURN_TYPE = YES_ERROR;
				GCC_WARN_UNDECLARED_SELECTOR = YES;
				GCC_WARN_UNINITIALIZED_AUTOS = YES_AGGRESSIVE;
				GCC_WARN_UNUSED_FUNCTION = YES;
				GCC_WARN_UNUSED_VARIABLE = YES;
				IPHONEOS_DEPLOYMENT_TARGET = 11.2;
				MTL_ENABLE_DEBUG_INFO = YES;
				ONLY_ACTIVE_ARCH = YES;
				SDKROOT = iphoneos;
				SWIFT_ACTIVE_COMPILATION_CONDITIONS = DEBUG;
				SWIFT_OPTIMIZATION_LEVEL = "-Onone";
			};
			name = Debug;
		};
		2F3483E5205A055A00DDDE0F /* Release */ = {
			isa = XCBuildConfiguration;
			buildSettings = {
				ALWAYS_SEARCH_USER_PATHS = NO;
				CLANG_ANALYZER_NONNULL = YES;
				CLANG_ANALYZER_NUMBER_OBJECT_CONVERSION = YES_AGGRESSIVE;
				CLANG_CXX_LANGUAGE_STANDARD = "gnu++14";
				CLANG_CXX_LIBRARY = "libc++";
				CLANG_ENABLE_MODULES = YES;
				CLANG_ENABLE_OBJC_ARC = YES;
				CLANG_WARN_BLOCK_CAPTURE_AUTORELEASING = YES;
				CLANG_WARN_BOOL_CONVERSION = YES;
				CLANG_WARN_COMMA = YES;
				CLANG_WARN_CONSTANT_CONVERSION = YES;
				CLANG_WARN_DIRECT_OBJC_ISA_USAGE = YES_ERROR;
				CLANG_WARN_DOCUMENTATION_COMMENTS = YES;
				CLANG_WARN_EMPTY_BODY = YES;
				CLANG_WARN_ENUM_CONVERSION = YES;
				CLANG_WARN_INFINITE_RECURSION = YES;
				CLANG_WARN_INT_CONVERSION = YES;
				CLANG_WARN_NON_LITERAL_NULL_CONVERSION = YES;
				CLANG_WARN_OBJC_LITERAL_CONVERSION = YES;
				CLANG_WARN_OBJC_ROOT_CLASS = YES_ERROR;
				CLANG_WARN_RANGE_LOOP_ANALYSIS = YES;
				CLANG_WARN_STRICT_PROTOTYPES = YES;
				CLANG_WARN_SUSPICIOUS_MOVE = YES;
				CLANG_WARN_UNGUARDED_AVAILABILITY = YES_AGGRESSIVE;
				CLANG_WARN_UNREACHABLE_CODE = YES;
				CLANG_WARN__DUPLICATE_METHOD_MATCH = YES;
				CODE_SIGN_IDENTITY = "iPhone Developer";
				COPY_PHASE_STRIP = NO;
				DEBUG_INFORMATION_FORMAT = "dwarf-with-dsym";
				ENABLE_NS_ASSERTIONS = NO;
				ENABLE_STRICT_OBJC_MSGSEND = YES;
				GCC_C_LANGUAGE_STANDARD = gnu11;
				GCC_NO_COMMON_BLOCKS = YES;
				GCC_WARN_64_TO_32_BIT_CONVERSION = YES;
				GCC_WARN_ABOUT_RETURN_TYPE = YES_ERROR;
				GCC_WARN_UNDECLARED_SELECTOR = YES;
				GCC_WARN_UNINITIALIZED_AUTOS = YES_AGGRESSIVE;
				GCC_WARN_UNUSED_FUNCTION = YES;
				GCC_WARN_UNUSED_VARIABLE = YES;
				IPHONEOS_DEPLOYMENT_TARGET = 11.2;
				MTL_ENABLE_DEBUG_INFO = NO;
				SDKROOT = iphoneos;
				SWIFT_OPTIMIZATION_LEVEL = "-Owholemodule";
				VALIDATE_PRODUCT = YES;
			};
			name = Release;
		};
		2F3483E7205A055A00DDDE0F /* Debug */ = {
			isa = XCBuildConfiguration;
			buildSettings = {
				ASSETCATALOG_COMPILER_APPICON_NAME = AppIcon;
				CODE_SIGN_STYLE = Automatic;
				INFOPLIST_FILE = CustomCell1/Info.plist;
				LD_RUNPATH_SEARCH_PATHS = "$(inherited) @executable_path/Frameworks";
				PRODUCT_BUNDLE_IDENTIFIER = new1.CustomCell1;
				PRODUCT_NAME = "$(TARGET_NAME)";
				SWIFT_VERSION = 4.0;
				TARGETED_DEVICE_FAMILY = "1,2";
			};
			name = Debug;
		};
		2F3483E8205A055A00DDDE0F /* Release */ = {
			isa = XCBuildConfiguration;
			buildSettings = {
				ASSETCATALOG_COMPILER_APPICON_NAME = AppIcon;
				CODE_SIGN_STYLE = Automatic;
				INFOPLIST_FILE = CustomCell1/Info.plist;
				LD_RUNPATH_SEARCH_PATHS = "$(inherited) @executable_path/Frameworks";
				PRODUCT_BUNDLE_IDENTIFIER = new1.CustomCell1;
				PRODUCT_NAME = "$(TARGET_NAME)";
				SWIFT_VERSION = 4.0;
				TARGETED_DEVICE_FAMILY = "1,2";
			};
			name = Release;
		};
/* End XCBuildConfiguration section */

/* Begin XCConfigurationList section */
		2F3483CF205A055900DDDE0F /* Build configuration list for PBXProject "CustomCell1" */ = {
			isa = XCConfigurationList;
			buildConfigurations = (
				2F3483E4205A055A00DDDE0F /* Debug */,
				2F3483E5205A055A00DDDE0F /* Release */,
			);
			defaultConfigurationIsVisible = 0;
			defaultConfigurationName = Release;
		};
		2F3483E6205A055A00DDDE0F /* Build configuration list for PBXNativeTarget "CustomCell1" */ = {
			isa = XCConfigurationList;
			buildConfigurations = (
				2F3483E7205A055A00DDDE0F /* Debug */,
				2F3483E8205A055A00DDDE0F /* Release */,
			);
			defaultConfigurationIsVisible = 0;
			defaultConfigurationName = Release;
		};
/* End XCConfigurationList section */
	};
	rootObject = 2F3483CC205A055900DDDE0F /* Project object */;
}
