// !$*UTF8*$!
{
	archiveVersion = 1;
	classes = {
	};
	objectVersion = 48;
	objects = {

/* Begin PBXBuildFile section */
		2F4EECEB20698AB200A75870 /* AppDelegate.swift in Sources */ = {isa = PBXBuildFile; fileRef = 2F4EECEA20698AB200A75870 /* AppDelegate.swift */; };
		2F4EECED20698AB200A75870 /* ViewController.swift in Sources */ = {isa = PBXBuildFile; fileRef = 2F4EECEC20698AB200A75870 /* ViewController.swift */; };
		2F4EECF020698AB200A75870 /* Main.storyboard in Resources */ = {isa = PBXBuildFile; fileRef = 2F4EECEE20698AB200A75870 /* Main.storyboard */; };
		2F4EECF320698AB200A75870 /* x.xcdatamodeld in Sources */ = {isa = PBXBuildFile; fileRef = 2F4EECF120698AB200A75870 /* x.xcdatamodeld */; };
		2F4EECF520698AB200A75870 /* Assets.xcassets in Resources */ = {isa = PBXBuildFile; fileRef = 2F4EECF420698AB200A75870 /* Assets.xcassets */; };
		2F4EECF820698AB200A75870 /* LaunchScreen.storyboard in Resources */ = {isa = PBXBuildFile; fileRef = 2F4EECF620698AB200A75870 /* LaunchScreen.storyboard */; };
		2F4EED00206996A600A75870 /* OtherViewController.swift in Sources */ = {isa = PBXBuildFile; fileRef = 2F4EECFF206996A600A75870 /* OtherViewController.swift */; };
		2F4EED022069973A00A75870 /* NewItemDelegate.swift in Sources */ = {isa = PBXBuildFile; fileRef = 2F4EED012069973A00A75870 /* NewItemDelegate.swift */; };
/* End PBXBuildFile section */

/* Begin PBXFileReference section */
		2F4EECE720698AB200A75870 /* x.app */ = {isa = PBXFileReference; explicitFileType = wrapper.application; includeInIndex = 0; path = x.app; sourceTree = BUILT_PRODUCTS_DIR; };
		2F4EECEA20698AB200A75870 /* AppDelegate.swift */ = {isa = PBXFileReference; lastKnownFileType = sourcecode.swift; path = AppDelegate.swift; sourceTree = "<group>"; };
		2F4EECEC20698AB200A75870 /* ViewController.swift */ = {isa = PBXFileReference; lastKnownFileType = sourcecode.swift; path = ViewController.swift; sourceTree = "<group>"; };
		2F4EECEF20698AB200A75870 /* Base */ = {isa = PBXFileReference; lastKnownFileType = file.storyboard; name = Base; path = Base.lproj/Main.storyboard; sourceTree = "<group>"; };
		2F4EECF220698AB200A75870 /* x.xcdatamodel */ = {isa = PBXFileReference; lastKnownFileType = wrapper.xcdatamodel; path = x.xcdatamodel; sourceTree = "<group>"; };
		2F4EECF420698AB200A75870 /* Assets.xcassets */ = {isa = PBXFileReference; lastKnownFileType = folder.assetcatalog; path = Assets.xcassets; sourceTree = "<group>"; };
		2F4EECF720698AB200A75870 /* Base */ = {isa = PBXFileReference; lastKnownFileType = file.storyboard; name = Base; path = Base.lproj/LaunchScreen.storyboard; sourceTree = "<group>"; };
		2F4EECF920698AB300A75870 /* Info.plist */ = {isa = PBXFileReference; lastKnownFileType = text.plist.xml; path = Info.plist; sourceTree = "<group>"; };
		2F4EECFF206996A600A75870 /* OtherViewController.swift */ = {isa = PBXFileReference; lastKnownFileType = sourcecode.swift; path = OtherViewController.swift; sourceTree = "<group>"; };
		2F4EED012069973A00A75870 /* NewItemDelegate.swift */ = {isa = PBXFileReference; lastKnownFileType = sourcecode.swift; path = NewItemDelegate.swift; sourceTree = "<group>"; };
/* End PBXFileReference section */

/* Begin PBXFrameworksBuildPhase section */
		2F4EECE420698AB200A75870 /* Frameworks */ = {
			isa = PBXFrameworksBuildPhase;
			buildActionMask = 2147483647;
			files = (
			);
			runOnlyForDeploymentPostprocessing = 0;
		};
/* End PBXFrameworksBuildPhase section */

/* Begin PBXGroup section */
		2F4EECDE20698AB200A75870 = {
			isa = PBXGroup;
			children = (
				2F4EECE920698AB200A75870 /* x */,
				2F4EECE820698AB200A75870 /* Products */,
			);
			sourceTree = "<group>";
		};
		2F4EECE820698AB200A75870 /* Products */ = {
			isa = PBXGroup;
			children = (
				2F4EECE720698AB200A75870 /* x.app */,
			);
			name = Products;
			sourceTree = "<group>";
		};
		2F4EECE920698AB200A75870 /* x */ = {
			isa = PBXGroup;
			children = (
				2F4EECEA20698AB200A75870 /* AppDelegate.swift */,
				2F4EED012069973A00A75870 /* NewItemDelegate.swift */,
				2F4EECEC20698AB200A75870 /* ViewController.swift */,
				2F4EECFF206996A600A75870 /* OtherViewController.swift */,
				2F4EECEE20698AB200A75870 /* Main.storyboard */,
				2F4EECF420698AB200A75870 /* Assets.xcassets */,
				2F4EECF620698AB200A75870 /* LaunchScreen.storyboard */,
				2F4EECF920698AB300A75870 /* Info.plist */,
				2F4EECF120698AB200A75870 /* x.xcdatamodeld */,
			);
			path = x;
			sourceTree = "<group>";
		};
/* End PBXGroup section */

/* Begin PBXNativeTarget section */
		2F4EECE620698AB200A75870 /* x */ = {
			isa = PBXNativeTarget;
			buildConfigurationList = 2F4EECFC20698AB300A75870 /* Build configuration list for PBXNativeTarget "x" */;
			buildPhases = (
				2F4EECE320698AB200A75870 /* Sources */,
				2F4EECE420698AB200A75870 /* Frameworks */,
				2F4EECE520698AB200A75870 /* Resources */,
			);
			buildRules = (
			);
			dependencies = (
			);
			name = x;
			productName = x;
			productReference = 2F4EECE720698AB200A75870 /* x.app */;
			productType = "com.apple.product-type.application";
		};
/* End PBXNativeTarget section */

/* Begin PBXProject section */
		2F4EECDF20698AB200A75870 /* Project object */ = {
			isa = PBXProject;
			attributes = {
				LastSwiftUpdateCheck = 0920;
				LastUpgradeCheck = 0920;
				ORGANIZATIONNAME = "Robert Gormley";
				TargetAttributes = {
					2F4EECE620698AB200A75870 = {
						CreatedOnToolsVersion = 9.2;
						ProvisioningStyle = Automatic;
					};
				};
			};
			buildConfigurationList = 2F4EECE220698AB200A75870 /* Build configuration list for PBXProject "x" */;
			compatibilityVersion = "Xcode 8.0";
			developmentRegion = en;
			hasScannedForEncodings = 0;
			knownRegions = (
				en,
				Base,
			);
			mainGroup = 2F4EECDE20698AB200A75870;
			productRefGroup = 2F4EECE820698AB200A75870 /* Products */;
			projectDirPath = "";
			projectRoot = "";
			targets = (
				2F4EECE620698AB200A75870 /* x */,
			);
		};
/* End PBXProject section */

/* Begin PBXResourcesBuildPhase section */
		2F4EECE520698AB200A75870 /* Resources */ = {
			isa = PBXResourcesBuildPhase;
			buildActionMask = 2147483647;
			files = (
				2F4EECF820698AB200A75870 /* LaunchScreen.storyboard in Resources */,
				2F4EECF520698AB200A75870 /* Assets.xcassets in Resources */,
				2F4EECF020698AB200A75870 /* Main.storyboard in Resources */,
			);
			runOnlyForDeploymentPostprocessing = 0;
		};
/* End PBXResourcesBuildPhase section */

/* Begin PBXSourcesBuildPhase section */
		2F4EECE320698AB200A75870 /* Sources */ = {
			isa = PBXSourcesBuildPhase;
			buildActionMask = 2147483647;
			files = (
				2F4EECED20698AB200A75870 /* ViewController.swift in Sources */,
				2F4EED00206996A600A75870 /* OtherViewController.swift in Sources */,
				2F4EECEB20698AB200A75870 /* AppDelegate.swift in Sources */,
				2F4EECF320698AB200A75870 /* x.xcdatamodeld in Sources */,
				2F4EED022069973A00A75870 /* NewItemDelegate.swift in Sources */,
			);
			runOnlyForDeploymentPostprocessing = 0;
		};
/* End PBXSourcesBuildPhase section */

/* Begin PBXVariantGroup section */
		2F4EECEE20698AB200A75870 /* Main.storyboard */ = {
			isa = PBXVariantGroup;
			children = (
				2F4EECEF20698AB200A75870 /* Base */,
			);
			name = Main.storyboard;
			sourceTree = "<group>";
		};
		2F4EECF620698AB200A75870 /* LaunchScreen.storyboard */ = {
			isa = PBXVariantGroup;
			children = (
				2F4EECF720698AB200A75870 /* Base */,
			);
			name = LaunchScreen.storyboard;
			sourceTree = "<group>";
		};
/* End PBXVariantGroup section */

/* Begin XCBuildConfiguration section */
		2F4EECFA20698AB300A75870 /* Debug */ = {
			isa = XCBuildConfiguration;
			buildSettings = {
				ALWAYS_SEARCH_USER_PATHS = NO;
				CLANG_ANALYZER_NONNULL = YES;
				CLANG_ANALYZER_NUMBER_OBJECT_CONVERSION = YES_AGGRESSIVE;
				CLANG_CXX_LANGUAGE_STANDARD = "gnu++14";
				CLANG_CXX_LIBRARY = "libc++";
				CLANG_ENABLE_MODULES = YES;
				CLANG_ENABLE_OBJC_ARC = YES;
				CLANG_WARN_BLOCK_CAPTURE_AUTORELEASING = YES;
				CLANG_WARN_BOOL_CONVERSION = YES;
				CLANG_WARN_COMMA = YES;
				CLANG_WARN_CONSTANT_CONVERSION = YES;
				CLANG_WARN_DIRECT_OBJC_ISA_USAGE = YES_ERROR;
				CLANG_WARN_DOCUMENTATION_COMMENTS = YES;
				CLANG_WARN_EMPTY_BODY = YES;
				CLANG_WARN_ENUM_CONVERSION = YES;
				CLANG_WARN_INFINITE_RECURSION = YES;
				CLANG_WARN_INT_CONVERSION = YES;
				CLANG_WARN_NON_LITERAL_NULL_CONVERSION = YES;
				CLANG_WARN_OBJC_LITERAL_CONVERSION = YES;
				CLANG_WARN_OBJC_ROOT_CLASS = YES_ERROR;
				CLANG_WARN_RANGE_LOOP_ANALYSIS = YES;
				CLANG_WARN_STRICT_PROTOTYPES = YES;
				CLANG_WARN_SUSPICIOUS_MOVE = YES;
				CLANG_WARN_UNGUARDED_AVAILABILITY = YES_AGGRESSIVE;
				CLANG_WARN_UNREACHABLE_CODE = YES;
				CLANG_WARN__DUPLICATE_METHOD_MATCH = YES;
				CODE_SIGN_IDENTITY = "iPhone Developer";
				COPY_PHASE_STRIP = NO;
				DEBUG_INFORMATION_FORMAT = dwarf;
				ENABLE_STRICT_OBJC_MSGSEND = YES;
				ENABLE_TESTABILITY = YES;
				GCC_C_LANGUAGE_STANDARD = gnu11;
				GCC_DYNAMIC_NO_PIC = NO;
				GCC_NO_COMMON_BLOCKS = YES;
				GCC_OPTIMIZATION_LEVEL = 0;
				GCC_PREPROCESSOR_DEFINITIONS = (
					"DEBUG=1",
					"$(inherited)",
				);
				GCC_WARN_64_TO_32_BIT_CONVERSION = YES;
				GCC_WARN_ABOUT_RETURN_TYPE = YES_ERROR;
				GCC_WARN_UNDECLARED_SELECTOR = YES;
				GCC_WARN_UNINITIALIZED_AUTOS = YES_AGGRESSIVE;
				GCC_WARN_UNUSED_FUNCTION = YES;
				GCC_WARN_UNUSED_VARIABLE = YES;
				IPHONEOS_DEPLOYMENT_TARGET = 11.2;
				MTL_ENABLE_DEBUG_INFO = YES;
				ONLY_ACTIVE_ARCH = YES;
				SDKROOT = iphoneos;
				SWIFT_ACTIVE_COMPILATION_CONDITIONS = DEBUG;
				SWIFT_OPTIMIZATION_LEVEL = "-Onone";
			};
			name = Debug;
		};
		2F4EECFB20698AB300A75870 /* Release */ = {
			isa = XCBuildConfiguration;
			buildSettings = {
				ALWAYS_SEARCH_USER_PATHS = NO;
				CLANG_ANALYZER_NONNULL = YES;
				CLANG_ANALYZER_NUMBER_OBJECT_CONVERSION = YES_AGGRESSIVE;
				CLANG_CXX_LANGUAGE_STANDARD = "gnu++14";
				CLANG_CXX_LIBRARY = "libc++";
				CLANG_ENABLE_MODULES = YES;
				CLANG_ENABLE_OBJC_ARC = YES;
				CLANG_WARN_BLOCK_CAPTURE_AUTORELEASING = YES;
				CLANG_WARN_BOOL_CONVERSION = YES;
				CLANG_WARN_COMMA = YES;
				CLANG_WARN_CONSTANT_CONVERSION = YES;
				CLANG_WARN_DIRECT_OBJC_ISA_USAGE = YES_ERROR;
				CLANG_WARN_DOCUMENTATION_COMMENTS = YES;
				CLANG_WARN_EMPTY_BODY = YES;
				CLANG_WARN_ENUM_CONVERSION = YES;
				CLANG_WARN_INFINITE_RECURSION = YES;
				CLANG_WARN_INT_CONVERSION = YES;
				CLANG_WARN_NON_LITERAL_NULL_CONVERSION = YES;
				CLANG_WARN_OBJC_LITERAL_CONVERSION = YES;
				CLANG_WARN_OBJC_ROOT_CLASS = YES_ERROR;
				CLANG_WARN_RANGE_LOOP_ANALYSIS = YES;
				CLANG_WARN_STRICT_PROTOTYPES = YES;
				CLANG_WARN_SUSPICIOUS_MOVE = YES;
				CLANG_WARN_UNGUARDED_AVAILABILITY = YES_AGGRESSIVE;
				CLANG_WARN_UNREACHABLE_CODE = YES;
				CLANG_WARN__DUPLICATE_METHOD_MATCH = YES;
				CODE_SIGN_IDENTITY = "iPhone Developer";
				COPY_PHASE_STRIP = NO;
				DEBUG_INFORMATION_FORMAT = "dwarf-with-dsym";
				ENABLE_NS_ASSERTIONS = NO;
				ENABLE_STRICT_OBJC_MSGSEND = YES;
				GCC_C_LANGUAGE_STANDARD = gnu11;
				GCC_NO_COMMON_BLOCKS = YES;
				GCC_WARN_64_TO_32_BIT_CONVERSION = YES;
				GCC_WARN_ABOUT_RETURN_TYPE = YES_ERROR;
				GCC_WARN_UNDECLARED_SELECTOR = YES;
				GCC_WARN_UNINITIALIZED_AUTOS = YES_AGGRESSIVE;
				GCC_WARN_UNUSED_FUNCTION = YES;
				GCC_WARN_UNUSED_VARIABLE = YES;
				IPHONEOS_DEPLOYMENT_TARGET = 11.2;
				MTL_ENABLE_DEBUG_INFO = NO;
				SDKROOT = iphoneos;
				SWIFT_OPTIMIZATION_LEVEL = "-Owholemodule";
				VALIDATE_PRODUCT = YES;
			};
			name = Release;
		};
		2F4EECFD20698AB300A75870 /* Debug */ = {
			isa = XCBuildConfiguration;
			buildSettings = {
				ASSETCATALOG_COMPILER_APPICON_NAME = AppIcon;
				CODE_SIGN_STYLE = Automatic;
				INFOPLIST_FILE = x/Info.plist;
				LD_RUNPATH_SEARCH_PATHS = "$(inherited) @executable_path/Frameworks";
				PRODUCT_BUNDLE_IDENTIFIER = new1.x;
				PRODUCT_NAME = "$(TARGET_NAME)";
				SWIFT_VERSION = 4.0;
				TARGETED_DEVICE_FAMILY = "1,2";
			};
			name = Debug;
		};
		2F4EECFE20698AB300A75870 /* Release */ = {
			isa = XCBuildConfiguration;
			buildSettings = {
				ASSETCATALOG_COMPILER_APPICON_NAME = AppIcon;
				CODE_SIGN_STYLE = Automatic;
				INFOPLIST_FILE = x/Info.plist;
				LD_RUNPATH_SEARCH_PATHS = "$(inherited) @executable_path/Frameworks";
				PRODUCT_BUNDLE_IDENTIFIER = new1.x;
				PRODUCT_NAME = "$(TARGET_NAME)";
				SWIFT_VERSION = 4.0;
				TARGETED_DEVICE_FAMILY = "1,2";
			};
			name = Release;
		};
/* End XCBuildConfiguration section */

/* Begin XCConfigurationList section */
		2F4EECE220698AB200A75870 /* Build configuration list for PBXProject "x" */ = {
			isa = XCConfigurationList;
			buildConfigurations = (
				2F4EECFA20698AB300A75870 /* Debug */,
				2F4EECFB20698AB300A75870 /* Release */,
			);
			defaultConfigurationIsVisible = 0;
			defaultConfigurationName = Release;
		};
		2F4EECFC20698AB300A75870 /* Build configuration list for PBXNativeTarget "x" */ = {
			isa = XCConfigurationList;
			buildConfigurations = (
				2F4EECFD20698AB300A75870 /* Debug */,
				2F4EECFE20698AB300A75870 /* Release */,
			);
			defaultConfigurationIsVisible = 0;
			defaultConfigurationName = Release;
		};
/* End XCConfigurationList section */

/* Begin XCVersionGroup section */
		2F4EECF120698AB200A75870 /* x.xcdatamodeld */ = {
			isa = XCVersionGroup;
			children = (
				2F4EECF220698AB200A75870 /* x.xcdatamodel */,
			);
			currentVersion = 2F4EECF220698AB200A75870 /* x.xcdatamodel */;
			path = x.xcdatamodeld;
			sourceTree = "<group>";
			versionGroupType = wrapper.xcdatamodel;
		};
/* End XCVersionGroup section */
	};
	rootObject = 2F4EECDF20698AB200A75870 /* Project object */;
}
