// !$*UTF8*$!
{
	archiveVersion = 1;
	classes = {
	};
	objectVersion = 48;
	objects = {

/* Begin PBXBuildFile section */
		2FAEF9152059D84B003859AB /* AppDelegate.swift in Sources */ = {isa = PBXBuildFile; fileRef = 2FAEF9142059D84B003859AB /* AppDelegate.swift */; };
		2FAEF9172059D84B003859AB /* ViewController.swift in Sources */ = {isa = PBXBuildFile; fileRef = 2FAEF9162059D84B003859AB /* ViewController.swift */; };
		2FAEF91A2059D84B003859AB /* Main.storyboard in Resources */ = {isa = PBXBuildFile; fileRef = 2FAEF9182059D84B003859AB /* Main.storyboard */; };
		2FAEF91C2059D84B003859AB /* Assets.xcassets in Resources */ = {isa = PBXBuildFile; fileRef = 2FAEF91B2059D84B003859AB /* Assets.xcassets */; };
		2FAEF91F2059D84B003859AB /* LaunchScreen.storyboard in Resources */ = {isa = PBXBuildFile; fileRef = 2FAEF91D2059D84B003859AB /* LaunchScreen.storyboard */; };
		2FAEF9272059D8AE003859AB /* otherViewController.swift in Sources */ = {isa = PBXBuildFile; fileRef = 2FAEF9262059D8AE003859AB /* otherViewController.swift */; };
/* End PBXBuildFile section */

/* Begin PBXFileReference section */
		2FAEF9112059D84B003859AB /* MadLibs2.app */ = {isa = PBXFileReference; explicitFileType = wrapper.application; includeInIndex = 0; path = MadLibs2.app; sourceTree = BUILT_PRODUCTS_DIR; };
		2FAEF9142059D84B003859AB /* AppDelegate.swift */ = {isa = PBXFileReference; lastKnownFileType = sourcecode.swift; path = AppDelegate.swift; sourceTree = "<group>"; };
		2FAEF9162059D84B003859AB /* ViewController.swift */ = {isa = PBXFileReference; lastKnownFileType = sourcecode.swift; path = ViewController.swift; sourceTree = "<group>"; };
		2FAEF9192059D84B003859AB /* Base */ = {isa = PBXFileReference; lastKnownFileType = file.storyboard; name = Base; path = Base.lproj/Main.storyboard; sourceTree = "<group>"; };
		2FAEF91B2059D84B003859AB /* Assets.xcassets */ = {isa = PBXFileReference; lastKnownFileType = folder.assetcatalog; path = Assets.xcassets; sourceTree = "<group>"; };
		2FAEF91E2059D84B003859AB /* Base */ = {isa = PBXFileReference; lastKnownFileType = file.storyboard; name = Base; path = Base.lproj/LaunchScreen.storyboard; sourceTree = "<group>"; };
		2FAEF9202059D84B003859AB /* Info.plist */ = {isa = PBXFileReference; lastKnownFileType = text.plist.xml; path = Info.plist; sourceTree = "<group>"; };
		2FAEF9262059D8AE003859AB /* otherViewController.swift */ = {isa = PBXFileReference; lastKnownFileType = sourcecode.swift; path = otherViewController.swift; sourceTree = "<group>"; };
/* End PBXFileReference section */

/* Begin PBXFrameworksBuildPhase section */
		2FAEF90E2059D84B003859AB /* Frameworks */ = {
			isa = PBXFrameworksBuildPhase;
			buildActionMask = 2147483647;
			files = (
			);
			runOnlyForDeploymentPostprocessing = 0;
		};
/* End PBXFrameworksBuildPhase section */

/* Begin PBXGroup section */
		2FAEF9082059D84B003859AB = {
			isa = PBXGroup;
			children = (
				2FAEF9132059D84B003859AB /* MadLibs2 */,
				2FAEF9122059D84B003859AB /* Products */,
			);
			sourceTree = "<group>";
		};
		2FAEF9122059D84B003859AB /* Products */ = {
			isa = PBXGroup;
			children = (
				2FAEF9112059D84B003859AB /* MadLibs2.app */,
			);
			name = Products;
			sourceTree = "<group>";
		};
		2FAEF9132059D84B003859AB /* MadLibs2 */ = {
			isa = PBXGroup;
			children = (
				2FAEF9142059D84B003859AB /* AppDelegate.swift */,
				2FAEF9162059D84B003859AB /* ViewController.swift */,
				2FAEF9262059D8AE003859AB /* otherViewController.swift */,
				2FAEF9182059D84B003859AB /* Main.storyboard */,
				2FAEF91B2059D84B003859AB /* Assets.xcassets */,
				2FAEF91D2059D84B003859AB /* LaunchScreen.storyboard */,
				2FAEF9202059D84B003859AB /* Info.plist */,
			);
			path = MadLibs2;
			sourceTree = "<group>";
		};
/* End PBXGroup section */

/* Begin PBXNativeTarget section */
		2FAEF9102059D84B003859AB /* MadLibs2 */ = {
			isa = PBXNativeTarget;
			buildConfigurationList = 2FAEF9232059D84B003859AB /* Build configuration list for PBXNativeTarget "MadLibs2" */;
			buildPhases = (
				2FAEF90D2059D84B003859AB /* Sources */,
				2FAEF90E2059D84B003859AB /* Frameworks */,
				2FAEF90F2059D84B003859AB /* Resources */,
			);
			buildRules = (
			);
			dependencies = (
			);
			name = MadLibs2;
			productName = MadLibs2;
			productReference = 2FAEF9112059D84B003859AB /* MadLibs2.app */;
			productType = "com.apple.product-type.application";
		};
/* End PBXNativeTarget section */

/* Begin PBXProject section */
		2FAEF9092059D84B003859AB /* Project object */ = {
			isa = PBXProject;
			attributes = {
				LastSwiftUpdateCheck = 0920;
				LastUpgradeCheck = 0920;
				ORGANIZATIONNAME = "Robert Gormley";
				TargetAttributes = {
					2FAEF9102059D84B003859AB = {
						CreatedOnToolsVersion = 9.2;
						ProvisioningStyle = Automatic;
					};
				};
			};
			buildConfigurationList = 2FAEF90C2059D84B003859AB /* Build configuration list for PBXProject "MadLibs2" */;
			compatibilityVersion = "Xcode 8.0";
			developmentRegion = en;
			hasScannedForEncodings = 0;
			knownRegions = (
				en,
				Base,
			);
			mainGroup = 2FAEF9082059D84B003859AB;
			productRefGroup = 2FAEF9122059D84B003859AB /* Products */;
			projectDirPath = "";
			projectRoot = "";
			targets = (
				2FAEF9102059D84B003859AB /* MadLibs2 */,
			);
		};
/* End PBXProject section */

/* Begin PBXResourcesBuildPhase section */
		2FAEF90F2059D84B003859AB /* Resources */ = {
			isa = PBXResourcesBuildPhase;
			buildActionMask = 2147483647;
			files = (
				2FAEF91F2059D84B003859AB /* LaunchScreen.storyboard in Resources */,
				2FAEF91C2059D84B003859AB /* Assets.xcassets in Resources */,
				2FAEF91A2059D84B003859AB /* Main.storyboard in Resources */,
			);
			runOnlyForDeploymentPostprocessing = 0;
		};
/* End PBXResourcesBuildPhase section */

/* Begin PBXSourcesBuildPhase section */
		2FAEF90D2059D84B003859AB /* Sources */ = {
			isa = PBXSourcesBuildPhase;
			buildActionMask = 2147483647;
			files = (
				2FAEF9272059D8AE003859AB /* otherViewController.swift in Sources */,
				2FAEF9172059D84B003859AB /* ViewController.swift in Sources */,
				2FAEF9152059D84B003859AB /* AppDelegate.swift in Sources */,
			);
			runOnlyForDeploymentPostprocessing = 0;
		};
/* End PBXSourcesBuildPhase section */

/* Begin PBXVariantGroup section */
		2FAEF9182059D84B003859AB /* Main.storyboard */ = {
			isa = PBXVariantGroup;
			children = (
				2FAEF9192059D84B003859AB /* Base */,
			);
			name = Main.storyboard;
			sourceTree = "<group>";
		};
		2FAEF91D2059D84B003859AB /* LaunchScreen.storyboard */ = {
			isa = PBXVariantGroup;
			children = (
				2FAEF91E2059D84B003859AB /* Base */,
			);
			name = LaunchScreen.storyboard;
			sourceTree = "<group>";
		};
/* End PBXVariantGroup section */

/* Begin XCBuildConfiguration section */
		2FAEF9212059D84B003859AB /* Debug */ = {
			isa = XCBuildConfiguration;
			buildSettings = {
				ALWAYS_SEARCH_USER_PATHS = NO;
				CLANG_ANALYZER_NONNULL = YES;
				CLANG_ANALYZER_NUMBER_OBJECT_CONVERSION = YES_AGGRESSIVE;
				CLANG_CXX_LANGUAGE_STANDARD = "gnu++14";
				CLANG_CXX_LIBRARY = "libc++";
				CLANG_ENABLE_MODULES = YES;
				CLANG_ENABLE_OBJC_ARC = YES;
				CLANG_WARN_BLOCK_CAPTURE_AUTORELEASING = YES;
				CLANG_WARN_BOOL_CONVERSION = YES;
				CLANG_WARN_COMMA = YES;
				CLANG_WARN_CONSTANT_CONVERSION = YES;
				CLANG_WARN_DIRECT_OBJC_ISA_USAGE = YES_ERROR;
				CLANG_WARN_DOCUMENTATION_COMMENTS = YES;
				CLANG_WARN_EMPTY_BODY = YES;
				CLANG_WARN_ENUM_CONVERSION = YES;
				CLANG_WARN_INFINITE_RECURSION = YES;
				CLANG_WARN_INT_CONVERSION = YES;
				CLANG_WARN_NON_LITERAL_NULL_CONVERSION = YES;
				CLANG_WARN_OBJC_LITERAL_CONVERSION = YES;
				CLANG_WARN_OBJC_ROOT_CLASS = YES_ERROR;
				CLANG_WARN_RANGE_LOOP_ANALYSIS = YES;
				CLANG_WARN_STRICT_PROTOTYPES = YES;
				CLANG_WARN_SUSPICIOUS_MOVE = YES;
				CLANG_WARN_UNGUARDED_AVAILABILITY = YES_AGGRESSIVE;
				CLANG_WARN_UNREACHABLE_CODE = YES;
				CLANG_WARN__DUPLICATE_METHOD_MATCH = YES;
				CODE_SIGN_IDENTITY = "iPhone Developer";
				COPY_PHASE_STRIP = NO;
				DEBUG_INFORMATION_FORMAT = dwarf;
				ENABLE_STRICT_OBJC_MSGSEND = YES;
				ENABLE_TESTABILITY = YES;
				GCC_C_LANGUAGE_STANDARD = gnu11;
				GCC_DYNAMIC_NO_PIC = NO;
				GCC_NO_COMMON_BLOCKS = YES;
				GCC_OPTIMIZATION_LEVEL = 0;
				GCC_PREPROCESSOR_DEFINITIONS = (
					"DEBUG=1",
					"$(inherited)",
				);
				GCC_WARN_64_TO_32_BIT_CONVERSION = YES;
				GCC_WARN_ABOUT_RETURN_TYPE = YES_ERROR;
				GCC_WARN_UNDECLARED_SELECTOR = YES;
				GCC_WARN_UNINITIALIZED_AUTOS = YES_AGGRESSIVE;
				GCC_WARN_UNUSED_FUNCTION = YES;
				GCC_WARN_UNUSED_VARIABLE = YES;
				IPHONEOS_DEPLOYMENT_TARGET = 11.2;
				MTL_ENABLE_DEBUG_INFO = YES;
				ONLY_ACTIVE_ARCH = YES;
				SDKROOT = iphoneos;
				SWIFT_ACTIVE_COMPILATION_CONDITIONS = DEBUG;
				SWIFT_OPTIMIZATION_LEVEL = "-Onone";
			};
			name = Debug;
		};
		2FAEF9222059D84B003859AB /* Release */ = {
			isa = XCBuildConfiguration;
			buildSettings = {
				ALWAYS_SEARCH_USER_PATHS = NO;
				CLANG_ANALYZER_NONNULL = YES;
				CLANG_ANALYZER_NUMBER_OBJECT_CONVERSION = YES_AGGRESSIVE;
				CLANG_CXX_LANGUAGE_STANDARD = "gnu++14";
				CLANG_CXX_LIBRARY = "libc++";
				CLANG_ENABLE_MODULES = YES;
				CLANG_ENABLE_OBJC_ARC = YES;
				CLANG_WARN_BLOCK_CAPTURE_AUTORELEASING = YES;
				CLANG_WARN_BOOL_CONVERSION = YES;
				CLANG_WARN_COMMA = YES;
				CLANG_WARN_CONSTANT_CONVERSION = YES;
				CLANG_WARN_DIRECT_OBJC_ISA_USAGE = YES_ERROR;
				CLANG_WARN_DOCUMENTATION_COMMENTS = YES;
				CLANG_WARN_EMPTY_BODY = YES;
				CLANG_WARN_ENUM_CONVERSION = YES;
				CLANG_WARN_INFINITE_RECURSION = YES;
				CLANG_WARN_INT_CONVERSION = YES;
				CLANG_WARN_NON_LITERAL_NULL_CONVERSION = YES;
				CLANG_WARN_OBJC_LITERAL_CONVERSION = YES;
				CLANG_WARN_OBJC_ROOT_CLASS = YES_ERROR;
				CLANG_WARN_RANGE_LOOP_ANALYSIS = YES;
				CLANG_WARN_STRICT_PROTOTYPES = YES;
				CLANG_WARN_SUSPICIOUS_MOVE = YES;
				CLANG_WARN_UNGUARDED_AVAILABILITY = YES_AGGRESSIVE;
				CLANG_WARN_UNREACHABLE_CODE = YES;
				CLANG_WARN__DUPLICATE_METHOD_MATCH = YES;
				CODE_SIGN_IDENTITY = "iPhone Developer";
				COPY_PHASE_STRIP = NO;
				DEBUG_INFORMATION_FORMAT = "dwarf-with-dsym";
				ENABLE_NS_ASSERTIONS = NO;
				ENABLE_STRICT_OBJC_MSGSEND = YES;
				GCC_C_LANGUAGE_STANDARD = gnu11;
				GCC_NO_COMMON_BLOCKS = YES;
				GCC_WARN_64_TO_32_BIT_CONVERSION = YES;
				GCC_WARN_ABOUT_RETURN_TYPE = YES_ERROR;
				GCC_WARN_UNDECLARED_SELECTOR = YES;
				GCC_WARN_UNINITIALIZED_AUTOS = YES_AGGRESSIVE;
				GCC_WARN_UNUSED_FUNCTION = YES;
				GCC_WARN_UNUSED_VARIABLE = YES;
				IPHONEOS_DEPLOYMENT_TARGET = 11.2;
				MTL_ENABLE_DEBUG_INFO = NO;
				SDKROOT = iphoneos;
				SWIFT_OPTIMIZATION_LEVEL = "-Owholemodule";
				VALIDATE_PRODUCT = YES;
			};
			name = Release;
		};
		2FAEF9242059D84B003859AB /* Debug */ = {
			isa = XCBuildConfiguration;
			buildSettings = {
				ASSETCATALOG_COMPILER_APPICON_NAME = AppIcon;
				CODE_SIGN_STYLE = Automatic;
				INFOPLIST_FILE = MadLibs2/Info.plist;
				LD_RUNPATH_SEARCH_PATHS = "$(inherited) @executable_path/Frameworks";
				PRODUCT_BUNDLE_IDENTIFIER = new1.MadLibs2;
				PRODUCT_NAME = "$(TARGET_NAME)";
				SWIFT_VERSION = 4.0;
				TARGETED_DEVICE_FAMILY = "1,2";
			};
			name = Debug;
		};
		2FAEF9252059D84B003859AB /* Release */ = {
			isa = XCBuildConfiguration;
			buildSettings = {
				ASSETCATALOG_COMPILER_APPICON_NAME = AppIcon;
				CODE_SIGN_STYLE = Automatic;
				INFOPLIST_FILE = MadLibs2/Info.plist;
				LD_RUNPATH_SEARCH_PATHS = "$(inherited) @executable_path/Frameworks";
				PRODUCT_BUNDLE_IDENTIFIER = new1.MadLibs2;
				PRODUCT_NAME = "$(TARGET_NAME)";
				SWIFT_VERSION = 4.0;
				TARGETED_DEVICE_FAMILY = "1,2";
			};
			name = Release;
		};
/* End XCBuildConfiguration section */

/* Begin XCConfigurationList section */
		2FAEF90C2059D84B003859AB /* Build configuration list for PBXProject "MadLibs2" */ = {
			isa = XCConfigurationList;
			buildConfigurations = (
				2FAEF9212059D84B003859AB /* Debug */,
				2FAEF9222059D84B003859AB /* Release */,
			);
			defaultConfigurationIsVisible = 0;
			defaultConfigurationName = Release;
		};
		2FAEF9232059D84B003859AB /* Build configuration list for PBXNativeTarget "MadLibs2" */ = {
			isa = XCConfigurationList;
			buildConfigurations = (
				2FAEF9242059D84B003859AB /* Debug */,
				2FAEF9252059D84B003859AB /* Release */,
			);
			defaultConfigurationIsVisible = 0;
			defaultConfigurationName = Release;
		};
/* End XCConfigurationList section */
	};
	rootObject = 2FAEF9092059D84B003859AB /* Project object */;
}
