// !$*UTF8*$!
{
	archiveVersion = 1;
	classes = {
	};
	objectVersion = 48;
	objects = {

/* Begin PBXBuildFile section */
		2F6494F8205B3D7F003EF22B /* AppDelegate.swift in Sources */ = {isa = PBXBuildFile; fileRef = 2F6494F7205B3D7F003EF22B /* AppDelegate.swift */; };
		2F6494FA205B3D7F003EF22B /* ViewController.swift in Sources */ = {isa = PBXBuildFile; fileRef = 2F6494F9205B3D7F003EF22B /* ViewController.swift */; };
		2F6494FD205B3D7F003EF22B /* Main.storyboard in Resources */ = {isa = PBXBuildFile; fileRef = 2F6494FB205B3D7F003EF22B /* Main.storyboard */; };
		2F649500205B3D7F003EF22B /* location2.xcdatamodeld in Sources */ = {isa = PBXBuildFile; fileRef = 2F6494FE205B3D7F003EF22B /* location2.xcdatamodeld */; };
		2F649502205B3D80003EF22B /* Assets.xcassets in Resources */ = {isa = PBXBuildFile; fileRef = 2F649501205B3D7F003EF22B /* Assets.xcassets */; };
		2F649505205B3D80003EF22B /* LaunchScreen.storyboard in Resources */ = {isa = PBXBuildFile; fileRef = 2F649503205B3D80003EF22B /* LaunchScreen.storyboard */; };
/* End PBXBuildFile section */

/* Begin PBXFileReference section */
		2F6494F4205B3D7F003EF22B /* location2.app */ = {isa = PBXFileReference; explicitFileType = wrapper.application; includeInIndex = 0; path = location2.app; sourceTree = BUILT_PRODUCTS_DIR; };
		2F6494F7205B3D7F003EF22B /* AppDelegate.swift */ = {isa = PBXFileReference; lastKnownFileType = sourcecode.swift; path = AppDelegate.swift; sourceTree = "<group>"; };
		2F6494F9205B3D7F003EF22B /* ViewController.swift */ = {isa = PBXFileReference; lastKnownFileType = sourcecode.swift; path = ViewController.swift; sourceTree = "<group>"; };
		2F6494FC205B3D7F003EF22B /* Base */ = {isa = PBXFileReference; lastKnownFileType = file.storyboard; name = Base; path = Base.lproj/Main.storyboard; sourceTree = "<group>"; };
		2F6494FF205B3D7F003EF22B /* location2.xcdatamodel */ = {isa = PBXFileReference; lastKnownFileType = wrapper.xcdatamodel; path = location2.xcdatamodel; sourceTree = "<group>"; };
		2F649501205B3D7F003EF22B /* Assets.xcassets */ = {isa = PBXFileReference; lastKnownFileType = folder.assetcatalog; path = Assets.xcassets; sourceTree = "<group>"; };
		2F649504205B3D80003EF22B /* Base */ = {isa = PBXFileReference; lastKnownFileType = file.storyboard; name = Base; path = Base.lproj/LaunchScreen.storyboard; sourceTree = "<group>"; };
		2F649506205B3D80003EF22B /* Info.plist */ = {isa = PBXFileReference; lastKnownFileType = text.plist.xml; path = Info.plist; sourceTree = "<group>"; };
/* End PBXFileReference section */

/* Begin PBXFrameworksBuildPhase section */
		2F6494F1205B3D7F003EF22B /* Frameworks */ = {
			isa = PBXFrameworksBuildPhase;
			buildActionMask = 2147483647;
			files = (
			);
			runOnlyForDeploymentPostprocessing = 0;
		};
/* End PBXFrameworksBuildPhase section */

/* Begin PBXGroup section */
		2F6494EB205B3D7F003EF22B = {
			isa = PBXGroup;
			children = (
				2F6494F6205B3D7F003EF22B /* location2 */,
				2F6494F5205B3D7F003EF22B /* Products */,
			);
			sourceTree = "<group>";
		};
		2F6494F5205B3D7F003EF22B /* Products */ = {
			isa = PBXGroup;
			children = (
				2F6494F4205B3D7F003EF22B /* location2.app */,
			);
			name = Products;
			sourceTree = "<group>";
		};
		2F6494F6205B3D7F003EF22B /* location2 */ = {
			isa = PBXGroup;
			children = (
				2F6494F7205B3D7F003EF22B /* AppDelegate.swift */,
				2F6494F9205B3D7F003EF22B /* ViewController.swift */,
				2F6494FB205B3D7F003EF22B /* Main.storyboard */,
				2F649501205B3D7F003EF22B /* Assets.xcassets */,
				2F649503205B3D80003EF22B /* LaunchScreen.storyboard */,
				2F649506205B3D80003EF22B /* Info.plist */,
				2F6494FE205B3D7F003EF22B /* location2.xcdatamodeld */,
			);
			path = location2;
			sourceTree = "<group>";
		};
/* End PBXGroup section */

/* Begin PBXNativeTarget section */
		2F6494F3205B3D7F003EF22B /* location2 */ = {
			isa = PBXNativeTarget;
			buildConfigurationList = 2F649509205B3D80003EF22B /* Build configuration list for PBXNativeTarget "location2" */;
			buildPhases = (
				2F6494F0205B3D7F003EF22B /* Sources */,
				2F6494F1205B3D7F003EF22B /* Frameworks */,
				2F6494F2205B3D7F003EF22B /* Resources */,
			);
			buildRules = (
			);
			dependencies = (
			);
			name = location2;
			productName = location2;
			productReference = 2F6494F4205B3D7F003EF22B /* location2.app */;
			productType = "com.apple.product-type.application";
		};
/* End PBXNativeTarget section */

/* Begin PBXProject section */
		2F6494EC205B3D7F003EF22B /* Project object */ = {
			isa = PBXProject;
			attributes = {
				LastSwiftUpdateCheck = 0920;
				LastUpgradeCheck = 0920;
				ORGANIZATIONNAME = "Robert Gormley";
				TargetAttributes = {
					2F6494F3205B3D7F003EF22B = {
						CreatedOnToolsVersion = 9.2;
						ProvisioningStyle = Automatic;
					};
				};
			};
			buildConfigurationList = 2F6494EF205B3D7F003EF22B /* Build configuration list for PBXProject "location2" */;
			compatibilityVersion = "Xcode 8.0";
			developmentRegion = en;
			hasScannedForEncodings = 0;
			knownRegions = (
				en,
				Base,
			);
			mainGroup = 2F6494EB205B3D7F003EF22B;
			productRefGroup = 2F6494F5205B3D7F003EF22B /* Products */;
			projectDirPath = "";
			projectRoot = "";
			targets = (
				2F6494F3205B3D7F003EF22B /* location2 */,
			);
		};
/* End PBXProject section */

/* Begin PBXResourcesBuildPhase section */
		2F6494F2205B3D7F003EF22B /* Resources */ = {
			isa = PBXResourcesBuildPhase;
			buildActionMask = 2147483647;
			files = (
				2F649505205B3D80003EF22B /* LaunchScreen.storyboard in Resources */,
				2F649502205B3D80003EF22B /* Assets.xcassets in Resources */,
				2F6494FD205B3D7F003EF22B /* Main.storyboard in Resources */,
			);
			runOnlyForDeploymentPostprocessing = 0;
		};
/* End PBXResourcesBuildPhase section */

/* Begin PBXSourcesBuildPhase section */
		2F6494F0205B3D7F003EF22B /* Sources */ = {
			isa = PBXSourcesBuildPhase;
			buildActionMask = 2147483647;
			files = (
				2F6494FA205B3D7F003EF22B /* ViewController.swift in Sources */,
				2F649500205B3D7F003EF22B /* location2.xcdatamodeld in Sources */,
				2F6494F8205B3D7F003EF22B /* AppDelegate.swift in Sources */,
			);
			runOnlyForDeploymentPostprocessing = 0;
		};
/* End PBXSourcesBuildPhase section */

/* Begin PBXVariantGroup section */
		2F6494FB205B3D7F003EF22B /* Main.storyboard */ = {
			isa = PBXVariantGroup;
			children = (
				2F6494FC205B3D7F003EF22B /* Base */,
			);
			name = Main.storyboard;
			sourceTree = "<group>";
		};
		2F649503205B3D80003EF22B /* LaunchScreen.storyboard */ = {
			isa = PBXVariantGroup;
			children = (
				2F649504205B3D80003EF22B /* Base */,
			);
			name = LaunchScreen.storyboard;
			sourceTree = "<group>";
		};
/* End PBXVariantGroup section */

/* Begin XCBuildConfiguration section */
		2F649507205B3D80003EF22B /* Debug */ = {
			isa = XCBuildConfiguration;
			buildSettings = {
				ALWAYS_SEARCH_USER_PATHS = NO;
				CLANG_ANALYZER_NONNULL = YES;
				CLANG_ANALYZER_NUMBER_OBJECT_CONVERSION = YES_AGGRESSIVE;
				CLANG_CXX_LANGUAGE_STANDARD = "gnu++14";
				CLANG_CXX_LIBRARY = "libc++";
				CLANG_ENABLE_MODULES = YES;
				CLANG_ENABLE_OBJC_ARC = YES;
				CLANG_WARN_BLOCK_CAPTURE_AUTORELEASING = YES;
				CLANG_WARN_BOOL_CONVERSION = YES;
				CLANG_WARN_COMMA = YES;
				CLANG_WARN_CONSTANT_CONVERSION = YES;
				CLANG_WARN_DIRECT_OBJC_ISA_USAGE = YES_ERROR;
				CLANG_WARN_DOCUMENTATION_COMMENTS = YES;
				CLANG_WARN_EMPTY_BODY = YES;
				CLANG_WARN_ENUM_CONVERSION = YES;
				CLANG_WARN_INFINITE_RECURSION = YES;
				CLANG_WARN_INT_CONVERSION = YES;
				CLANG_WARN_NON_LITERAL_NULL_CONVERSION = YES;
				CLANG_WARN_OBJC_LITERAL_CONVERSION = YES;
				CLANG_WARN_OBJC_ROOT_CLASS = YES_ERROR;
				CLANG_WARN_RANGE_LOOP_ANALYSIS = YES;
				CLANG_WARN_STRICT_PROTOTYPES = YES;
				CLANG_WARN_SUSPICIOUS_MOVE = YES;
				CLANG_WARN_UNGUARDED_AVAILABILITY = YES_AGGRESSIVE;
				CLANG_WARN_UNREACHABLE_CODE = YES;
				CLANG_WARN__DUPLICATE_METHOD_MATCH = YES;
				CODE_SIGN_IDENTITY = "iPhone Developer";
				COPY_PHASE_STRIP = NO;
				DEBUG_INFORMATION_FORMAT = dwarf;
				ENABLE_STRICT_OBJC_MSGSEND = YES;
				ENABLE_TESTABILITY = YES;
				GCC_C_LANGUAGE_STANDARD = gnu11;
				GCC_DYNAMIC_NO_PIC = NO;
				GCC_NO_COMMON_BLOCKS = YES;
				GCC_OPTIMIZATION_LEVEL = 0;
				GCC_PREPROCESSOR_DEFINITIONS = (
					"DEBUG=1",
					"$(inherited)",
				);
				GCC_WARN_64_TO_32_BIT_CONVERSION = YES;
				GCC_WARN_ABOUT_RETURN_TYPE = YES_ERROR;
				GCC_WARN_UNDECLARED_SELECTOR = YES;
				GCC_WARN_UNINITIALIZED_AUTOS = YES_AGGRESSIVE;
				GCC_WARN_UNUSED_FUNCTION = YES;
				GCC_WARN_UNUSED_VARIABLE = YES;
				IPHONEOS_DEPLOYMENT_TARGET = 11.2;
				MTL_ENABLE_DEBUG_INFO = YES;
				ONLY_ACTIVE_ARCH = YES;
				SDKROOT = iphoneos;
				SWIFT_ACTIVE_COMPILATION_CONDITIONS = DEBUG;
				SWIFT_OPTIMIZATION_LEVEL = "-Onone";
			};
			name = Debug;
		};
		2F649508205B3D80003EF22B /* Release */ = {
			isa = XCBuildConfiguration;
			buildSettings = {
				ALWAYS_SEARCH_USER_PATHS = NO;
				CLANG_ANALYZER_NONNULL = YES;
				CLANG_ANALYZER_NUMBER_OBJECT_CONVERSION = YES_AGGRESSIVE;
				CLANG_CXX_LANGUAGE_STANDARD = "gnu++14";
				CLANG_CXX_LIBRARY = "libc++";
				CLANG_ENABLE_MODULES = YES;
				CLANG_ENABLE_OBJC_ARC = YES;
				CLANG_WARN_BLOCK_CAPTURE_AUTORELEASING = YES;
				CLANG_WARN_BOOL_CONVERSION = YES;
				CLANG_WARN_COMMA = YES;
				CLANG_WARN_CONSTANT_CONVERSION = YES;
				CLANG_WARN_DIRECT_OBJC_ISA_USAGE = YES_ERROR;
				CLANG_WARN_DOCUMENTATION_COMMENTS = YES;
				CLANG_WARN_EMPTY_BODY = YES;
				CLANG_WARN_ENUM_CONVERSION = YES;
				CLANG_WARN_INFINITE_RECURSION = YES;
				CLANG_WARN_INT_CONVERSION = YES;
				CLANG_WARN_NON_LITERAL_NULL_CONVERSION = YES;
				CLANG_WARN_OBJC_LITERAL_CONVERSION = YES;
				CLANG_WARN_OBJC_ROOT_CLASS = YES_ERROR;
				CLANG_WARN_RANGE_LOOP_ANALYSIS = YES;
				CLANG_WARN_STRICT_PROTOTYPES = YES;
				CLANG_WARN_SUSPICIOUS_MOVE = YES;
				CLANG_WARN_UNGUARDED_AVAILABILITY = YES_AGGRESSIVE;
				CLANG_WARN_UNREACHABLE_CODE = YES;
				CLANG_WARN__DUPLICATE_METHOD_MATCH = YES;
				CODE_SIGN_IDENTITY = "iPhone Developer";
				COPY_PHASE_STRIP = NO;
				DEBUG_INFORMATION_FORMAT = "dwarf-with-dsym";
				ENABLE_NS_ASSERTIONS = NO;
				ENABLE_STRICT_OBJC_MSGSEND = YES;
				GCC_C_LANGUAGE_STANDARD = gnu11;
				GCC_NO_COMMON_BLOCKS = YES;
				GCC_WARN_64_TO_32_BIT_CONVERSION = YES;
				GCC_WARN_ABOUT_RETURN_TYPE = YES_ERROR;
				GCC_WARN_UNDECLARED_SELECTOR = YES;
				GCC_WARN_UNINITIALIZED_AUTOS = YES_AGGRESSIVE;
				GCC_WARN_UNUSED_FUNCTION = YES;
				GCC_WARN_UNUSED_VARIABLE = YES;
				IPHONEOS_DEPLOYMENT_TARGET = 11.2;
				MTL_ENABLE_DEBUG_INFO = NO;
				SDKROOT = iphoneos;
				SWIFT_OPTIMIZATION_LEVEL = "-Owholemodule";
				VALIDATE_PRODUCT = YES;
			};
			name = Release;
		};
		2F64950A205B3D80003EF22B /* Debug */ = {
			isa = XCBuildConfiguration;
			buildSettings = {
				ASSETCATALOG_COMPILER_APPICON_NAME = AppIcon;
				CODE_SIGN_STYLE = Automatic;
				INFOPLIST_FILE = location2/Info.plist;
				LD_RUNPATH_SEARCH_PATHS = "$(inherited) @executable_path/Frameworks";
				PRODUCT_BUNDLE_IDENTIFIER = new1.location2;
				PRODUCT_NAME = "$(TARGET_NAME)";
				SWIFT_VERSION = 4.0;
				TARGETED_DEVICE_FAMILY = "1,2";
			};
			name = Debug;
		};
		2F64950B205B3D80003EF22B /* Release */ = {
			isa = XCBuildConfiguration;
			buildSettings = {
				ASSETCATALOG_COMPILER_APPICON_NAME = AppIcon;
				CODE_SIGN_STYLE = Automatic;
				INFOPLIST_FILE = location2/Info.plist;
				LD_RUNPATH_SEARCH_PATHS = "$(inherited) @executable_path/Frameworks";
				PRODUCT_BUNDLE_IDENTIFIER = new1.location2;
				PRODUCT_NAME = "$(TARGET_NAME)";
				SWIFT_VERSION = 4.0;
				TARGETED_DEVICE_FAMILY = "1,2";
			};
			name = Release;
		};
/* End XCBuildConfiguration section */

/* Begin XCConfigurationList section */
		2F6494EF205B3D7F003EF22B /* Build configuration list for PBXProject "location2" */ = {
			isa = XCConfigurationList;
			buildConfigurations = (
				2F649507205B3D80003EF22B /* Debug */,
				2F649508205B3D80003EF22B /* Release */,
			);
			defaultConfigurationIsVisible = 0;
			defaultConfigurationName = Release;
		};
		2F649509205B3D80003EF22B /* Build configuration list for PBXNativeTarget "location2" */ = {
			isa = XCConfigurationList;
			buildConfigurations = (
				2F64950A205B3D80003EF22B /* Debug */,
				2F64950B205B3D80003EF22B /* Release */,
			);
			defaultConfigurationIsVisible = 0;
			defaultConfigurationName = Release;
		};
/* End XCConfigurationList section */

/* Begin XCVersionGroup section */
		2F6494FE205B3D7F003EF22B /* location2.xcdatamodeld */ = {
			isa = XCVersionGroup;
			children = (
				2F6494FF205B3D7F003EF22B /* location2.xcdatamodel */,
			);
			currentVersion = 2F6494FF205B3D7F003EF22B /* location2.xcdatamodel */;
			path = location2.xcdatamodeld;
			sourceTree = "<group>";
			versionGroupType = wrapper.xcdatamodel;
		};
/* End XCVersionGroup section */
	};
	rootObject = 2F6494EC205B3D7F003EF22B /* Project object */;
}
